// !$*UTF8*$!
{
	archiveVersion = 1;
	classes = {
	};
	objectVersion = 46;
	objects = {

/* Begin PBXBuildFile section */
		7B256D83191BF27700616E09 /* libassimp.3.0.0.dylib in Frameworks */ = {isa = PBXBuildFile; fileRef = 7B256D82191BF27700616E09 /* libassimp.3.0.0.dylib */; };
		7B256D85191BF31800616E09 /* libIL.a in Frameworks */ = {isa = PBXBuildFile; fileRef = 7B256D84191BF31800616E09 /* libIL.a */; };
		7B35597B191B0DAA005FAD21 /* GameModel.cpp in Sources */ = {isa = PBXBuildFile; fileRef = 7B355979191B0DAA005FAD21 /* GameModel.cpp */; };
		7BCD4971191995B200576A2E /* Bjorn.cpp in Sources */ = {isa = PBXBuildFile; fileRef = 7BCD4879191995B100576A2E /* Bjorn.cpp */; };
		7BCD4972191995B200576A2E /* Hammer.cpp in Sources */ = {isa = PBXBuildFile; fileRef = 7BCD487C191995B100576A2E /* Hammer.cpp */; };
		7BCD4973191995B200576A2E /* Mountain.cpp in Sources */ = {isa = PBXBuildFile; fileRef = 7BCD487E191995B100576A2E /* Mountain.cpp */; };
		7BCD4974191995B200576A2E /* Platform.cpp in Sources */ = {isa = PBXBuildFile; fileRef = 7BCD4880191995B100576A2E /* Platform.cpp */; };
		7BCD4975191995B200576A2E /* main.cpp in Sources */ = {isa = PBXBuildFile; fileRef = 7BCD4965191995B200576A2E /* main.cpp */; };
		7BCD4977191995B200576A2E /* CMeshLoaderSimple.cpp in Sources */ = {isa = PBXBuildFile; fileRef = 7BCD496A191995B200576A2E /* CMeshLoaderSimple.cpp */; };
		7BCD4978191995B200576A2E /* GLSL_helper.cpp in Sources */ = {isa = PBXBuildFile; fileRef = 7BCD496D191995B200576A2E /* GLSL_helper.cpp */; };
		7BCD4979191995B200576A2E /* World.cpp in Sources */ = {isa = PBXBuildFile; fileRef = 7BCD496F191995B200576A2E /* World.cpp */; };
		7BCD497B19199AAD00576A2E /* libGLEW.a in Frameworks */ = {isa = PBXBuildFile; fileRef = 7BCD497A19199AAD00576A2E /* libGLEW.a */; };
		7BCD4989191ADB6600576A2E /* GameObject.cpp in Sources */ = {isa = PBXBuildFile; fileRef = 7BCD4987191ADB6600576A2E /* GameObject.cpp */; };
		7BCFD2901922C1180069E59A /* Jukebox.cpp in Sources */ = {isa = PBXBuildFile; fileRef = 7BCFD28E1922C1180069E59A /* Jukebox.cpp */; };
		7BD073EA191ED2AC006327F3 /* chunks.cpp in Sources */ = {isa = PBXBuildFile; fileRef = 7BD073E8191ED2AC006327F3 /* chunks.cpp */; };
		7BE396A01915AD6C005A026B /* libglfw3.a in Frameworks */ = {isa = PBXBuildFile; fileRef = 7BE396991915AD6C005A026B /* libglfw3.a */; };
		7BE396A21915ADCF005A026B /* OpenGL.framework in Frameworks */ = {isa = PBXBuildFile; fileRef = 7BE396A11915ADCF005A026B /* OpenGL.framework */; };
		7BE396A41915ADDA005A026B /* CoreVideo.framework in Frameworks */ = {isa = PBXBuildFile; fileRef = 7BE396A31915ADDA005A026B /* CoreVideo.framework */; };
		7BE396A61915ADE0005A026B /* Cocoa.framework in Frameworks */ = {isa = PBXBuildFile; fileRef = 7BE396A51915ADE0005A026B /* Cocoa.framework */; };
		7BE396A81915AE05005A026B /* IOKit.framework in Frameworks */ = {isa = PBXBuildFile; fileRef = 7BE396A71915AE05005A026B /* IOKit.framework */; };
		7BF7373919216DC90057AF67 /* libfmodex.dylib in Frameworks */ = {isa = PBXBuildFile; fileRef = 7BF7373819216DC90057AF67 /* libfmodex.dylib */; };
		7BF7374E19216E620057AF67 /* Sound.cpp in Sources */ = {isa = PBXBuildFile; fileRef = 7BF7374C19216E620057AF67 /* Sound.cpp */; };
		7BF7375019216FA80057AF67 /* libfmodexL.dylib in Frameworks */ = {isa = PBXBuildFile; fileRef = 7BF7374F19216FA70057AF67 /* libfmodexL.dylib */; };
/* End PBXBuildFile section */

/* Begin PBXCopyFilesBuildPhase section */
		7BE395991915ACE1005A026B /* CopyFiles */ = {
			isa = PBXCopyFilesBuildPhase;
			buildActionMask = 2147483647;
			dstPath = /usr/share/man/man1/;
			dstSubfolderSpec = 0;
			files = (
			);
			runOnlyForDeploymentPostprocessing = 1;
		};
/* End PBXCopyFilesBuildPhase section */

/* Begin PBXFileReference section */
		7B256D82191BF27700616E09 /* libassimp.3.0.0.dylib */ = {isa = PBXFileReference; lastKnownFileType = "compiled.mach-o.dylib"; name = libassimp.3.0.0.dylib; path = /opt/local/lib/libassimp.3.0.0.dylib; sourceTree = "<absolute>"; };
		7B256D84191BF31800616E09 /* libIL.a */ = {isa = PBXFileReference; lastKnownFileType = archive.ar; name = libIL.a; path = /opt/local/lib/libIL.a; sourceTree = "<absolute>"; };
		7B355979191B0DAA005FAD21 /* GameModel.cpp */ = {isa = PBXFileReference; fileEncoding = 4; lastKnownFileType = sourcecode.cpp.cpp; path = GameModel.cpp; sourceTree = "<group>"; };
		7B35597A191B0DAA005FAD21 /* GameModel.h */ = {isa = PBXFileReference; fileEncoding = 4; lastKnownFileType = sourcecode.c.h; path = GameModel.h; sourceTree = "<group>"; };
		7B7C52B61934386600E82CC2 /* DepthRTT_frag.glsl */ = {isa = PBXFileReference; lastKnownFileType = text; name = DepthRTT_frag.glsl; path = Shaders/DepthRTT_frag.glsl; sourceTree = "<group>"; };
		7B7C52B71934386600E82CC2 /* DepthRTT_vert.glsl */ = {isa = PBXFileReference; lastKnownFileType = text; name = DepthRTT_vert.glsl; path = Shaders/DepthRTT_vert.glsl; sourceTree = "<group>"; };
		7B7C52B81934386700E82CC2 /* ShadowMapping_frag.glsl */ = {isa = PBXFileReference; lastKnownFileType = text; name = ShadowMapping_frag.glsl; path = Shaders/ShadowMapping_frag.glsl; sourceTree = "<group>"; };
		7B7C52B91934386700E82CC2 /* ShadowMapping_vert.glsl */ = {isa = PBXFileReference; lastKnownFileType = text; name = ShadowMapping_vert.glsl; path = Shaders/ShadowMapping_vert.glsl; sourceTree = "<group>"; };
		7B7C52BC193438AC00E82CC2 /* Lab1_frag.glsl */ = {isa = PBXFileReference; lastKnownFileType = text; name = Lab1_frag.glsl; path = Shaders/Lab1_frag.glsl; sourceTree = "<group>"; };
		7B7C52BD193438AC00E82CC2 /* Lab1_vert.glsl */ = {isa = PBXFileReference; lastKnownFileType = text; name = Lab1_vert.glsl; path = Shaders/Lab1_vert.glsl; sourceTree = "<group>"; };
		7BCD4879191995B100576A2E /* Bjorn.cpp */ = {isa = PBXFileReference; fileEncoding = 4; lastKnownFileType = sourcecode.cpp.cpp; path = Bjorn.cpp; sourceTree = "<group>"; };
		7BCD487A191995B100576A2E /* Bjorn.h */ = {isa = PBXFileReference; fileEncoding = 4; lastKnownFileType = sourcecode.c.h; path = Bjorn.h; sourceTree = "<group>"; };
		7BCD487C191995B100576A2E /* Hammer.cpp */ = {isa = PBXFileReference; fileEncoding = 4; lastKnownFileType = sourcecode.cpp.cpp; path = Hammer.cpp; sourceTree = "<group>"; };
		7BCD487D191995B100576A2E /* Hammer.h */ = {isa = PBXFileReference; fileEncoding = 4; lastKnownFileType = sourcecode.c.h; path = Hammer.h; sourceTree = "<group>"; };
		7BCD487E191995B100576A2E /* Mountain.cpp */ = {isa = PBXFileReference; fileEncoding = 4; lastKnownFileType = sourcecode.cpp.cpp; path = Mountain.cpp; sourceTree = "<group>"; };
		7BCD487F191995B100576A2E /* Mountain.h */ = {isa = PBXFileReference; fileEncoding = 4; lastKnownFileType = sourcecode.c.h; path = Mountain.h; sourceTree = "<group>"; };
		7BCD4880191995B100576A2E /* Platform.cpp */ = {isa = PBXFileReference; fileEncoding = 4; lastKnownFileType = sourcecode.cpp.cpp; path = Platform.cpp; sourceTree = "<group>"; };
		7BCD4881191995B100576A2E /* Platform.h */ = {isa = PBXFileReference; fileEncoding = 4; lastKnownFileType = sourcecode.c.h; path = Platform.h; sourceTree = "<group>"; };
		7BCD4883191995B100576A2E /* CMakeLists.txt */ = {isa = PBXFileReference; fileEncoding = 4; lastKnownFileType = text; path = CMakeLists.txt; sourceTree = "<group>"; };
		7BCD4885191995B100576A2E /* _detail.hpp */ = {isa = PBXFileReference; fileEncoding = 4; lastKnownFileType = sourcecode.cpp.h; path = _detail.hpp; sourceTree = "<group>"; };
		7BCD4886191995B100576A2E /* _fixes.hpp */ = {isa = PBXFileReference; fileEncoding = 4; lastKnownFileType = sourcecode.cpp.h; path = _fixes.hpp; sourceTree = "<group>"; };
		7BCD4887191995B100576A2E /* _swizzle.hpp */ = {isa = PBXFileReference; fileEncoding = 4; lastKnownFileType = sourcecode.cpp.h; path = _swizzle.hpp; sourceTree = "<group>"; };
		7BCD4888191995B100576A2E /* _swizzle_func.hpp */ = {isa = PBXFileReference; fileEncoding = 4; lastKnownFileType = sourcecode.cpp.h; path = _swizzle_func.hpp; sourceTree = "<group>"; };
		7BCD4889191995B100576A2E /* _vectorize.hpp */ = {isa = PBXFileReference; fileEncoding = 4; lastKnownFileType = sourcecode.cpp.h; path = _vectorize.hpp; sourceTree = "<group>"; };
		7BCD488A191995B100576A2E /* func_common.hpp */ = {isa = PBXFileReference; fileEncoding = 4; lastKnownFileType = sourcecode.cpp.h; path = func_common.hpp; sourceTree = "<group>"; };
		7BCD488B191995B100576A2E /* func_common.inl */ = {isa = PBXFileReference; fileEncoding = 4; lastKnownFileType = text; path = func_common.inl; sourceTree = "<group>"; };
		7BCD488C191995B100576A2E /* func_exponential.hpp */ = {isa = PBXFileReference; fileEncoding = 4; lastKnownFileType = sourcecode.cpp.h; path = func_exponential.hpp; sourceTree = "<group>"; };
		7BCD488D191995B100576A2E /* func_exponential.inl */ = {isa = PBXFileReference; fileEncoding = 4; lastKnownFileType = text; path = func_exponential.inl; sourceTree = "<group>"; };
		7BCD488E191995B100576A2E /* func_geometric.hpp */ = {isa = PBXFileReference; fileEncoding = 4; lastKnownFileType = sourcecode.cpp.h; path = func_geometric.hpp; sourceTree = "<group>"; };
		7BCD488F191995B100576A2E /* func_geometric.inl */ = {isa = PBXFileReference; fileEncoding = 4; lastKnownFileType = text; path = func_geometric.inl; sourceTree = "<group>"; };
		7BCD4890191995B100576A2E /* func_integer.hpp */ = {isa = PBXFileReference; fileEncoding = 4; lastKnownFileType = sourcecode.cpp.h; path = func_integer.hpp; sourceTree = "<group>"; };
		7BCD4891191995B100576A2E /* func_integer.inl */ = {isa = PBXFileReference; fileEncoding = 4; lastKnownFileType = text; path = func_integer.inl; sourceTree = "<group>"; };
		7BCD4892191995B100576A2E /* func_matrix.hpp */ = {isa = PBXFileReference; fileEncoding = 4; lastKnownFileType = sourcecode.cpp.h; path = func_matrix.hpp; sourceTree = "<group>"; };
		7BCD4893191995B100576A2E /* func_matrix.inl */ = {isa = PBXFileReference; fileEncoding = 4; lastKnownFileType = text; path = func_matrix.inl; sourceTree = "<group>"; };
		7BCD4894191995B100576A2E /* func_noise.hpp */ = {isa = PBXFileReference; fileEncoding = 4; lastKnownFileType = sourcecode.cpp.h; path = func_noise.hpp; sourceTree = "<group>"; };
		7BCD4895191995B100576A2E /* func_noise.inl */ = {isa = PBXFileReference; fileEncoding = 4; lastKnownFileType = text; path = func_noise.inl; sourceTree = "<group>"; };
		7BCD4896191995B100576A2E /* func_packing.hpp */ = {isa = PBXFileReference; fileEncoding = 4; lastKnownFileType = sourcecode.cpp.h; path = func_packing.hpp; sourceTree = "<group>"; };
		7BCD4897191995B100576A2E /* func_packing.inl */ = {isa = PBXFileReference; fileEncoding = 4; lastKnownFileType = text; path = func_packing.inl; sourceTree = "<group>"; };
		7BCD4898191995B100576A2E /* func_trigonometric.hpp */ = {isa = PBXFileReference; fileEncoding = 4; lastKnownFileType = sourcecode.cpp.h; path = func_trigonometric.hpp; sourceTree = "<group>"; };
		7BCD4899191995B100576A2E /* func_trigonometric.inl */ = {isa = PBXFileReference; fileEncoding = 4; lastKnownFileType = text; path = func_trigonometric.inl; sourceTree = "<group>"; };
		7BCD489A191995B100576A2E /* func_vector_relational.hpp */ = {isa = PBXFileReference; fileEncoding = 4; lastKnownFileType = sourcecode.cpp.h; path = func_vector_relational.hpp; sourceTree = "<group>"; };
		7BCD489B191995B100576A2E /* func_vector_relational.inl */ = {isa = PBXFileReference; fileEncoding = 4; lastKnownFileType = text; path = func_vector_relational.inl; sourceTree = "<group>"; };
		7BCD489C191995B100576A2E /* hint.hpp */ = {isa = PBXFileReference; fileEncoding = 4; lastKnownFileType = sourcecode.cpp.h; path = hint.hpp; sourceTree = "<group>"; };
		7BCD489D191995B100576A2E /* intrinsic_common.hpp */ = {isa = PBXFileReference; fileEncoding = 4; lastKnownFileType = sourcecode.cpp.h; path = intrinsic_common.hpp; sourceTree = "<group>"; };
		7BCD489E191995B100576A2E /* intrinsic_common.inl */ = {isa = PBXFileReference; fileEncoding = 4; lastKnownFileType = text; path = intrinsic_common.inl; sourceTree = "<group>"; };
		7BCD489F191995B100576A2E /* intrinsic_exponential.hpp */ = {isa = PBXFileReference; fileEncoding = 4; lastKnownFileType = sourcecode.cpp.h; path = intrinsic_exponential.hpp; sourceTree = "<group>"; };
		7BCD48A0191995B100576A2E /* intrinsic_exponential.inl */ = {isa = PBXFileReference; fileEncoding = 4; lastKnownFileType = text; path = intrinsic_exponential.inl; sourceTree = "<group>"; };
		7BCD48A1191995B100576A2E /* intrinsic_geometric.hpp */ = {isa = PBXFileReference; fileEncoding = 4; lastKnownFileType = sourcecode.cpp.h; path = intrinsic_geometric.hpp; sourceTree = "<group>"; };
		7BCD48A2191995B100576A2E /* intrinsic_geometric.inl */ = {isa = PBXFileReference; fileEncoding = 4; lastKnownFileType = text; path = intrinsic_geometric.inl; sourceTree = "<group>"; };
		7BCD48A3191995B100576A2E /* intrinsic_matrix.hpp */ = {isa = PBXFileReference; fileEncoding = 4; lastKnownFileType = sourcecode.cpp.h; path = intrinsic_matrix.hpp; sourceTree = "<group>"; };
		7BCD48A4191995B100576A2E /* intrinsic_matrix.inl */ = {isa = PBXFileReference; fileEncoding = 4; lastKnownFileType = text; path = intrinsic_matrix.inl; sourceTree = "<group>"; };
		7BCD48A5191995B100576A2E /* intrinsic_trigonometric.hpp */ = {isa = PBXFileReference; fileEncoding = 4; lastKnownFileType = sourcecode.cpp.h; path = intrinsic_trigonometric.hpp; sourceTree = "<group>"; };
		7BCD48A6191995B100576A2E /* intrinsic_trigonometric.inl */ = {isa = PBXFileReference; fileEncoding = 4; lastKnownFileType = text; path = intrinsic_trigonometric.inl; sourceTree = "<group>"; };
		7BCD48A7191995B100576A2E /* intrinsic_vector_relational.hpp */ = {isa = PBXFileReference; fileEncoding = 4; lastKnownFileType = sourcecode.cpp.h; path = intrinsic_vector_relational.hpp; sourceTree = "<group>"; };
		7BCD48A8191995B100576A2E /* intrinsic_vector_relational.inl */ = {isa = PBXFileReference; fileEncoding = 4; lastKnownFileType = text; path = intrinsic_vector_relational.inl; sourceTree = "<group>"; };
		7BCD48A9191995B100576A2E /* setup.hpp */ = {isa = PBXFileReference; fileEncoding = 4; lastKnownFileType = sourcecode.cpp.h; path = setup.hpp; sourceTree = "<group>"; };
		7BCD48AA191995B100576A2E /* type.hpp */ = {isa = PBXFileReference; fileEncoding = 4; lastKnownFileType = sourcecode.cpp.h; path = type.hpp; sourceTree = "<group>"; };
		7BCD48AB191995B100576A2E /* type_float.hpp */ = {isa = PBXFileReference; fileEncoding = 4; lastKnownFileType = sourcecode.cpp.h; path = type_float.hpp; sourceTree = "<group>"; };
		7BCD48AC191995B100576A2E /* type_gentype.hpp */ = {isa = PBXFileReference; fileEncoding = 4; lastKnownFileType = sourcecode.cpp.h; path = type_gentype.hpp; sourceTree = "<group>"; };
		7BCD48AD191995B100576A2E /* type_gentype.inl */ = {isa = PBXFileReference; fileEncoding = 4; lastKnownFileType = text; path = type_gentype.inl; sourceTree = "<group>"; };
		7BCD48AE191995B100576A2E /* type_half.hpp */ = {isa = PBXFileReference; fileEncoding = 4; lastKnownFileType = sourcecode.cpp.h; path = type_half.hpp; sourceTree = "<group>"; };
		7BCD48AF191995B100576A2E /* type_half.inl */ = {isa = PBXFileReference; fileEncoding = 4; lastKnownFileType = text; path = type_half.inl; sourceTree = "<group>"; };
		7BCD48B0191995B100576A2E /* type_int.hpp */ = {isa = PBXFileReference; fileEncoding = 4; lastKnownFileType = sourcecode.cpp.h; path = type_int.hpp; sourceTree = "<group>"; };
		7BCD48B1191995B100576A2E /* type_mat.hpp */ = {isa = PBXFileReference; fileEncoding = 4; lastKnownFileType = sourcecode.cpp.h; path = type_mat.hpp; sourceTree = "<group>"; };
		7BCD48B2191995B100576A2E /* type_mat.inl */ = {isa = PBXFileReference; fileEncoding = 4; lastKnownFileType = text; path = type_mat.inl; sourceTree = "<group>"; };
		7BCD48B3191995B100576A2E /* type_mat2x2.hpp */ = {isa = PBXFileReference; fileEncoding = 4; lastKnownFileType = sourcecode.cpp.h; path = type_mat2x2.hpp; sourceTree = "<group>"; };
		7BCD48B4191995B100576A2E /* type_mat2x2.inl */ = {isa = PBXFileReference; fileEncoding = 4; lastKnownFileType = text; path = type_mat2x2.inl; sourceTree = "<group>"; };
		7BCD48B5191995B100576A2E /* type_mat2x3.hpp */ = {isa = PBXFileReference; fileEncoding = 4; lastKnownFileType = sourcecode.cpp.h; path = type_mat2x3.hpp; sourceTree = "<group>"; };
		7BCD48B6191995B100576A2E /* type_mat2x3.inl */ = {isa = PBXFileReference; fileEncoding = 4; lastKnownFileType = text; path = type_mat2x3.inl; sourceTree = "<group>"; };
		7BCD48B7191995B100576A2E /* type_mat2x4.hpp */ = {isa = PBXFileReference; fileEncoding = 4; lastKnownFileType = sourcecode.cpp.h; path = type_mat2x4.hpp; sourceTree = "<group>"; };
		7BCD48B8191995B100576A2E /* type_mat2x4.inl */ = {isa = PBXFileReference; fileEncoding = 4; lastKnownFileType = text; path = type_mat2x4.inl; sourceTree = "<group>"; };
		7BCD48B9191995B100576A2E /* type_mat3x2.hpp */ = {isa = PBXFileReference; fileEncoding = 4; lastKnownFileType = sourcecode.cpp.h; path = type_mat3x2.hpp; sourceTree = "<group>"; };
		7BCD48BA191995B100576A2E /* type_mat3x2.inl */ = {isa = PBXFileReference; fileEncoding = 4; lastKnownFileType = text; path = type_mat3x2.inl; sourceTree = "<group>"; };
		7BCD48BB191995B100576A2E /* type_mat3x3.hpp */ = {isa = PBXFileReference; fileEncoding = 4; lastKnownFileType = sourcecode.cpp.h; path = type_mat3x3.hpp; sourceTree = "<group>"; };
		7BCD48BC191995B100576A2E /* type_mat3x3.inl */ = {isa = PBXFileReference; fileEncoding = 4; lastKnownFileType = text; path = type_mat3x3.inl; sourceTree = "<group>"; };
		7BCD48BD191995B100576A2E /* type_mat3x4.hpp */ = {isa = PBXFileReference; fileEncoding = 4; lastKnownFileType = sourcecode.cpp.h; path = type_mat3x4.hpp; sourceTree = "<group>"; };
		7BCD48BE191995B100576A2E /* type_mat3x4.inl */ = {isa = PBXFileReference; fileEncoding = 4; lastKnownFileType = text; path = type_mat3x4.inl; sourceTree = "<group>"; };
		7BCD48BF191995B100576A2E /* type_mat4x2.hpp */ = {isa = PBXFileReference; fileEncoding = 4; lastKnownFileType = sourcecode.cpp.h; path = type_mat4x2.hpp; sourceTree = "<group>"; };
		7BCD48C0191995B100576A2E /* type_mat4x2.inl */ = {isa = PBXFileReference; fileEncoding = 4; lastKnownFileType = text; path = type_mat4x2.inl; sourceTree = "<group>"; };
		7BCD48C1191995B100576A2E /* type_mat4x3.hpp */ = {isa = PBXFileReference; fileEncoding = 4; lastKnownFileType = sourcecode.cpp.h; path = type_mat4x3.hpp; sourceTree = "<group>"; };
		7BCD48C2191995B100576A2E /* type_mat4x3.inl */ = {isa = PBXFileReference; fileEncoding = 4; lastKnownFileType = text; path = type_mat4x3.inl; sourceTree = "<group>"; };
		7BCD48C3191995B200576A2E /* type_mat4x4.hpp */ = {isa = PBXFileReference; fileEncoding = 4; lastKnownFileType = sourcecode.cpp.h; path = type_mat4x4.hpp; sourceTree = "<group>"; };
		7BCD48C4191995B200576A2E /* type_mat4x4.inl */ = {isa = PBXFileReference; fileEncoding = 4; lastKnownFileType = text; path = type_mat4x4.inl; sourceTree = "<group>"; };
		7BCD48C5191995B200576A2E /* type_size.hpp */ = {isa = PBXFileReference; fileEncoding = 4; lastKnownFileType = sourcecode.cpp.h; path = type_size.hpp; sourceTree = "<group>"; };
		7BCD48C6191995B200576A2E /* type_vec.hpp */ = {isa = PBXFileReference; fileEncoding = 4; lastKnownFileType = sourcecode.cpp.h; path = type_vec.hpp; sourceTree = "<group>"; };
		7BCD48C7191995B200576A2E /* type_vec.inl */ = {isa = PBXFileReference; fileEncoding = 4; lastKnownFileType = text; path = type_vec.inl; sourceTree = "<group>"; };
		7BCD48C8191995B200576A2E /* type_vec1.hpp */ = {isa = PBXFileReference; fileEncoding = 4; lastKnownFileType = sourcecode.cpp.h; path = type_vec1.hpp; sourceTree = "<group>"; };
		7BCD48C9191995B200576A2E /* type_vec1.inl */ = {isa = PBXFileReference; fileEncoding = 4; lastKnownFileType = text; path = type_vec1.inl; sourceTree = "<group>"; };
		7BCD48CA191995B200576A2E /* type_vec2.hpp */ = {isa = PBXFileReference; fileEncoding = 4; lastKnownFileType = sourcecode.cpp.h; path = type_vec2.hpp; sourceTree = "<group>"; };
		7BCD48CB191995B200576A2E /* type_vec2.inl */ = {isa = PBXFileReference; fileEncoding = 4; lastKnownFileType = text; path = type_vec2.inl; sourceTree = "<group>"; };
		7BCD48CC191995B200576A2E /* type_vec3.hpp */ = {isa = PBXFileReference; fileEncoding = 4; lastKnownFileType = sourcecode.cpp.h; path = type_vec3.hpp; sourceTree = "<group>"; };
		7BCD48CD191995B200576A2E /* type_vec3.inl */ = {isa = PBXFileReference; fileEncoding = 4; lastKnownFileType = text; path = type_vec3.inl; sourceTree = "<group>"; };
		7BCD48CE191995B200576A2E /* type_vec4.hpp */ = {isa = PBXFileReference; fileEncoding = 4; lastKnownFileType = sourcecode.cpp.h; path = type_vec4.hpp; sourceTree = "<group>"; };
		7BCD48CF191995B200576A2E /* type_vec4.inl */ = {isa = PBXFileReference; fileEncoding = 4; lastKnownFileType = text; path = type_vec4.inl; sourceTree = "<group>"; };
		7BCD48D0191995B200576A2E /* ext.hpp */ = {isa = PBXFileReference; fileEncoding = 4; lastKnownFileType = sourcecode.cpp.h; path = ext.hpp; sourceTree = "<group>"; };
		7BCD48D1191995B200576A2E /* glm.hpp */ = {isa = PBXFileReference; fileEncoding = 4; lastKnownFileType = sourcecode.cpp.h; path = glm.hpp; sourceTree = "<group>"; };
		7BCD48D3191995B200576A2E /* half_float.hpp */ = {isa = PBXFileReference; fileEncoding = 4; lastKnownFileType = sourcecode.cpp.h; path = half_float.hpp; sourceTree = "<group>"; };
		7BCD48D4191995B200576A2E /* half_float.inl */ = {isa = PBXFileReference; fileEncoding = 4; lastKnownFileType = text; path = half_float.inl; sourceTree = "<group>"; };
		7BCD48D5191995B200576A2E /* matrix_access.hpp */ = {isa = PBXFileReference; fileEncoding = 4; lastKnownFileType = sourcecode.cpp.h; path = matrix_access.hpp; sourceTree = "<group>"; };
		7BCD48D6191995B200576A2E /* matrix_access.inl */ = {isa = PBXFileReference; fileEncoding = 4; lastKnownFileType = text; path = matrix_access.inl; sourceTree = "<group>"; };
		7BCD48D7191995B200576A2E /* matrix_integer.hpp */ = {isa = PBXFileReference; fileEncoding = 4; lastKnownFileType = sourcecode.cpp.h; path = matrix_integer.hpp; sourceTree = "<group>"; };
		7BCD48D8191995B200576A2E /* matrix_inverse.hpp */ = {isa = PBXFileReference; fileEncoding = 4; lastKnownFileType = sourcecode.cpp.h; path = matrix_inverse.hpp; sourceTree = "<group>"; };
		7BCD48D9191995B200576A2E /* matrix_inverse.inl */ = {isa = PBXFileReference; fileEncoding = 4; lastKnownFileType = text; path = matrix_inverse.inl; sourceTree = "<group>"; };
		7BCD48DA191995B200576A2E /* matrix_transform.hpp */ = {isa = PBXFileReference; fileEncoding = 4; lastKnownFileType = sourcecode.cpp.h; path = matrix_transform.hpp; sourceTree = "<group>"; };
		7BCD48DB191995B200576A2E /* matrix_transform.inl */ = {isa = PBXFileReference; fileEncoding = 4; lastKnownFileType = text; path = matrix_transform.inl; sourceTree = "<group>"; };
		7BCD48DC191995B200576A2E /* noise.hpp */ = {isa = PBXFileReference; fileEncoding = 4; lastKnownFileType = sourcecode.cpp.h; path = noise.hpp; sourceTree = "<group>"; };
		7BCD48DD191995B200576A2E /* noise.inl */ = {isa = PBXFileReference; fileEncoding = 4; lastKnownFileType = text; path = noise.inl; sourceTree = "<group>"; };
		7BCD48DE191995B200576A2E /* quaternion.hpp */ = {isa = PBXFileReference; fileEncoding = 4; lastKnownFileType = sourcecode.cpp.h; path = quaternion.hpp; sourceTree = "<group>"; };
		7BCD48DF191995B200576A2E /* quaternion.inl */ = {isa = PBXFileReference; fileEncoding = 4; lastKnownFileType = text; path = quaternion.inl; sourceTree = "<group>"; };
		7BCD48E0191995B200576A2E /* random.hpp */ = {isa = PBXFileReference; fileEncoding = 4; lastKnownFileType = sourcecode.cpp.h; path = random.hpp; sourceTree = "<group>"; };
		7BCD48E1191995B200576A2E /* random.inl */ = {isa = PBXFileReference; fileEncoding = 4; lastKnownFileType = text; path = random.inl; sourceTree = "<group>"; };
		7BCD48E2191995B200576A2E /* swizzle.hpp */ = {isa = PBXFileReference; fileEncoding = 4; lastKnownFileType = sourcecode.cpp.h; path = swizzle.hpp; sourceTree = "<group>"; };
		7BCD48E3191995B200576A2E /* swizzle.inl */ = {isa = PBXFileReference; fileEncoding = 4; lastKnownFileType = text; path = swizzle.inl; sourceTree = "<group>"; };
		7BCD48E4191995B200576A2E /* type_precision.hpp */ = {isa = PBXFileReference; fileEncoding = 4; lastKnownFileType = sourcecode.cpp.h; path = type_precision.hpp; sourceTree = "<group>"; };
		7BCD48E5191995B200576A2E /* type_precision.inl */ = {isa = PBXFileReference; fileEncoding = 4; lastKnownFileType = text; path = type_precision.inl; sourceTree = "<group>"; };
		7BCD48E6191995B200576A2E /* type_ptr.hpp */ = {isa = PBXFileReference; fileEncoding = 4; lastKnownFileType = sourcecode.cpp.h; path = type_ptr.hpp; sourceTree = "<group>"; };
		7BCD48E7191995B200576A2E /* type_ptr.inl */ = {isa = PBXFileReference; fileEncoding = 4; lastKnownFileType = text; path = type_ptr.inl; sourceTree = "<group>"; };
		7BCD48E9191995B200576A2E /* associated_min_max.hpp */ = {isa = PBXFileReference; fileEncoding = 4; lastKnownFileType = sourcecode.cpp.h; path = associated_min_max.hpp; sourceTree = "<group>"; };
		7BCD48EA191995B200576A2E /* associated_min_max.inl */ = {isa = PBXFileReference; fileEncoding = 4; lastKnownFileType = text; path = associated_min_max.inl; sourceTree = "<group>"; };
		7BCD48EB191995B200576A2E /* bit.hpp */ = {isa = PBXFileReference; fileEncoding = 4; lastKnownFileType = sourcecode.cpp.h; path = bit.hpp; sourceTree = "<group>"; };
		7BCD48EC191995B200576A2E /* bit.inl */ = {isa = PBXFileReference; fileEncoding = 4; lastKnownFileType = text; path = bit.inl; sourceTree = "<group>"; };
		7BCD48ED191995B200576A2E /* closest_point.hpp */ = {isa = PBXFileReference; fileEncoding = 4; lastKnownFileType = sourcecode.cpp.h; path = closest_point.hpp; sourceTree = "<group>"; };
		7BCD48EE191995B200576A2E /* closest_point.inl */ = {isa = PBXFileReference; fileEncoding = 4; lastKnownFileType = text; path = closest_point.inl; sourceTree = "<group>"; };
		7BCD48EF191995B200576A2E /* color_cast.hpp */ = {isa = PBXFileReference; fileEncoding = 4; lastKnownFileType = sourcecode.cpp.h; path = color_cast.hpp; sourceTree = "<group>"; };
		7BCD48F0191995B200576A2E /* color_cast.inl */ = {isa = PBXFileReference; fileEncoding = 4; lastKnownFileType = text; path = color_cast.inl; sourceTree = "<group>"; };
		7BCD48F1191995B200576A2E /* color_space.hpp */ = {isa = PBXFileReference; fileEncoding = 4; lastKnownFileType = sourcecode.cpp.h; path = color_space.hpp; sourceTree = "<group>"; };
		7BCD48F2191995B200576A2E /* color_space.inl */ = {isa = PBXFileReference; fileEncoding = 4; lastKnownFileType = text; path = color_space.inl; sourceTree = "<group>"; };
		7BCD48F3191995B200576A2E /* color_space_YCoCg.hpp */ = {isa = PBXFileReference; fileEncoding = 4; lastKnownFileType = sourcecode.cpp.h; path = color_space_YCoCg.hpp; sourceTree = "<group>"; };
		7BCD48F4191995B200576A2E /* color_space_YCoCg.inl */ = {isa = PBXFileReference; fileEncoding = 4; lastKnownFileType = text; path = color_space_YCoCg.inl; sourceTree = "<group>"; };
		7BCD48F5191995B200576A2E /* compatibility.hpp */ = {isa = PBXFileReference; fileEncoding = 4; lastKnownFileType = sourcecode.cpp.h; path = compatibility.hpp; sourceTree = "<group>"; };
		7BCD48F6191995B200576A2E /* compatibility.inl */ = {isa = PBXFileReference; fileEncoding = 4; lastKnownFileType = text; path = compatibility.inl; sourceTree = "<group>"; };
		7BCD48F7191995B200576A2E /* component_wise.hpp */ = {isa = PBXFileReference; fileEncoding = 4; lastKnownFileType = sourcecode.cpp.h; path = component_wise.hpp; sourceTree = "<group>"; };
		7BCD48F8191995B200576A2E /* component_wise.inl */ = {isa = PBXFileReference; fileEncoding = 4; lastKnownFileType = text; path = component_wise.inl; sourceTree = "<group>"; };
		7BCD48F9191995B200576A2E /* constants.hpp */ = {isa = PBXFileReference; fileEncoding = 4; lastKnownFileType = sourcecode.cpp.h; path = constants.hpp; sourceTree = "<group>"; };
		7BCD48FA191995B200576A2E /* constants.inl */ = {isa = PBXFileReference; fileEncoding = 4; lastKnownFileType = text; path = constants.inl; sourceTree = "<group>"; };
		7BCD48FB191995B200576A2E /* epsilon.hpp */ = {isa = PBXFileReference; fileEncoding = 4; lastKnownFileType = sourcecode.cpp.h; path = epsilon.hpp; sourceTree = "<group>"; };
		7BCD48FC191995B200576A2E /* epsilon.inl */ = {isa = PBXFileReference; fileEncoding = 4; lastKnownFileType = text; path = epsilon.inl; sourceTree = "<group>"; };
		7BCD48FD191995B200576A2E /* euler_angles.hpp */ = {isa = PBXFileReference; fileEncoding = 4; lastKnownFileType = sourcecode.cpp.h; path = euler_angles.hpp; sourceTree = "<group>"; };
		7BCD48FE191995B200576A2E /* euler_angles.inl */ = {isa = PBXFileReference; fileEncoding = 4; lastKnownFileType = text; path = euler_angles.inl; sourceTree = "<group>"; };
		7BCD48FF191995B200576A2E /* extend.hpp */ = {isa = PBXFileReference; fileEncoding = 4; lastKnownFileType = sourcecode.cpp.h; path = extend.hpp; sourceTree = "<group>"; };
		7BCD4900191995B200576A2E /* extend.inl */ = {isa = PBXFileReference; fileEncoding = 4; lastKnownFileType = text; path = extend.inl; sourceTree = "<group>"; };
		7BCD4901191995B200576A2E /* extented_min_max.hpp */ = {isa = PBXFileReference; fileEncoding = 4; lastKnownFileType = sourcecode.cpp.h; path = extented_min_max.hpp; sourceTree = "<group>"; };
		7BCD4902191995B200576A2E /* extented_min_max.inl */ = {isa = PBXFileReference; fileEncoding = 4; lastKnownFileType = text; path = extented_min_max.inl; sourceTree = "<group>"; };
		7BCD4903191995B200576A2E /* fast_exponential.hpp */ = {isa = PBXFileReference; fileEncoding = 4; lastKnownFileType = sourcecode.cpp.h; path = fast_exponential.hpp; sourceTree = "<group>"; };
		7BCD4904191995B200576A2E /* fast_exponential.inl */ = {isa = PBXFileReference; fileEncoding = 4; lastKnownFileType = text; path = fast_exponential.inl; sourceTree = "<group>"; };
		7BCD4905191995B200576A2E /* fast_square_root.hpp */ = {isa = PBXFileReference; fileEncoding = 4; lastKnownFileType = sourcecode.cpp.h; path = fast_square_root.hpp; sourceTree = "<group>"; };
		7BCD4906191995B200576A2E /* fast_square_root.inl */ = {isa = PBXFileReference; fileEncoding = 4; lastKnownFileType = text; path = fast_square_root.inl; sourceTree = "<group>"; };
		7BCD4907191995B200576A2E /* fast_trigonometry.hpp */ = {isa = PBXFileReference; fileEncoding = 4; lastKnownFileType = sourcecode.cpp.h; path = fast_trigonometry.hpp; sourceTree = "<group>"; };
		7BCD4908191995B200576A2E /* fast_trigonometry.inl */ = {isa = PBXFileReference; fileEncoding = 4; lastKnownFileType = text; path = fast_trigonometry.inl; sourceTree = "<group>"; };
		7BCD4909191995B200576A2E /* gradient_paint.hpp */ = {isa = PBXFileReference; fileEncoding = 4; lastKnownFileType = sourcecode.cpp.h; path = gradient_paint.hpp; sourceTree = "<group>"; };
		7BCD490A191995B200576A2E /* gradient_paint.inl */ = {isa = PBXFileReference; fileEncoding = 4; lastKnownFileType = text; path = gradient_paint.inl; sourceTree = "<group>"; };
		7BCD490B191995B200576A2E /* handed_coordinate_space.hpp */ = {isa = PBXFileReference; fileEncoding = 4; lastKnownFileType = sourcecode.cpp.h; path = handed_coordinate_space.hpp; sourceTree = "<group>"; };
		7BCD490C191995B200576A2E /* handed_coordinate_space.inl */ = {isa = PBXFileReference; fileEncoding = 4; lastKnownFileType = text; path = handed_coordinate_space.inl; sourceTree = "<group>"; };
		7BCD490D191995B200576A2E /* inertia.hpp */ = {isa = PBXFileReference; fileEncoding = 4; lastKnownFileType = sourcecode.cpp.h; path = inertia.hpp; sourceTree = "<group>"; };
		7BCD490E191995B200576A2E /* inertia.inl */ = {isa = PBXFileReference; fileEncoding = 4; lastKnownFileType = text; path = inertia.inl; sourceTree = "<group>"; };
		7BCD490F191995B200576A2E /* int_10_10_10_2.hpp */ = {isa = PBXFileReference; fileEncoding = 4; lastKnownFileType = sourcecode.cpp.h; path = int_10_10_10_2.hpp; sourceTree = "<group>"; };
		7BCD4910191995B200576A2E /* int_10_10_10_2.inl */ = {isa = PBXFileReference; fileEncoding = 4; lastKnownFileType = text; path = int_10_10_10_2.inl; sourceTree = "<group>"; };
		7BCD4911191995B200576A2E /* integer.hpp */ = {isa = PBXFileReference; fileEncoding = 4; lastKnownFileType = sourcecode.cpp.h; path = integer.hpp; sourceTree = "<group>"; };
		7BCD4912191995B200576A2E /* integer.inl */ = {isa = PBXFileReference; fileEncoding = 4; lastKnownFileType = text; path = integer.inl; sourceTree = "<group>"; };
		7BCD4913191995B200576A2E /* intersect.hpp */ = {isa = PBXFileReference; fileEncoding = 4; lastKnownFileType = sourcecode.cpp.h; path = intersect.hpp; sourceTree = "<group>"; };
		7BCD4914191995B200576A2E /* intersect.inl */ = {isa = PBXFileReference; fileEncoding = 4; lastKnownFileType = text; path = intersect.inl; sourceTree = "<group>"; };
		7BCD4915191995B200576A2E /* log_base.hpp */ = {isa = PBXFileReference; fileEncoding = 4; lastKnownFileType = sourcecode.cpp.h; path = log_base.hpp; sourceTree = "<group>"; };
		7BCD4916191995B200576A2E /* log_base.inl */ = {isa = PBXFileReference; fileEncoding = 4; lastKnownFileType = text; path = log_base.inl; sourceTree = "<group>"; };
		7BCD4917191995B200576A2E /* matrix_cross_product.hpp */ = {isa = PBXFileReference; fileEncoding = 4; lastKnownFileType = sourcecode.cpp.h; path = matrix_cross_product.hpp; sourceTree = "<group>"; };
		7BCD4918191995B200576A2E /* matrix_cross_product.inl */ = {isa = PBXFileReference; fileEncoding = 4; lastKnownFileType = text; path = matrix_cross_product.inl; sourceTree = "<group>"; };
		7BCD4919191995B200576A2E /* matrix_interpolation.hpp */ = {isa = PBXFileReference; fileEncoding = 4; lastKnownFileType = sourcecode.cpp.h; path = matrix_interpolation.hpp; sourceTree = "<group>"; };
		7BCD491A191995B200576A2E /* matrix_interpolation.inl */ = {isa = PBXFileReference; fileEncoding = 4; lastKnownFileType = text; path = matrix_interpolation.inl; sourceTree = "<group>"; };
		7BCD491B191995B200576A2E /* matrix_major_storage.hpp */ = {isa = PBXFileReference; fileEncoding = 4; lastKnownFileType = sourcecode.cpp.h; path = matrix_major_storage.hpp; sourceTree = "<group>"; };
		7BCD491C191995B200576A2E /* matrix_major_storage.inl */ = {isa = PBXFileReference; fileEncoding = 4; lastKnownFileType = text; path = matrix_major_storage.inl; sourceTree = "<group>"; };
		7BCD491D191995B200576A2E /* matrix_operation.hpp */ = {isa = PBXFileReference; fileEncoding = 4; lastKnownFileType = sourcecode.cpp.h; path = matrix_operation.hpp; sourceTree = "<group>"; };
		7BCD491E191995B200576A2E /* matrix_operation.inl */ = {isa = PBXFileReference; fileEncoding = 4; lastKnownFileType = text; path = matrix_operation.inl; sourceTree = "<group>"; };
		7BCD491F191995B200576A2E /* matrix_query.hpp */ = {isa = PBXFileReference; fileEncoding = 4; lastKnownFileType = sourcecode.cpp.h; path = matrix_query.hpp; sourceTree = "<group>"; };
		7BCD4920191995B200576A2E /* matrix_query.inl */ = {isa = PBXFileReference; fileEncoding = 4; lastKnownFileType = text; path = matrix_query.inl; sourceTree = "<group>"; };
		7BCD4921191995B200576A2E /* mixed_product.hpp */ = {isa = PBXFileReference; fileEncoding = 4; lastKnownFileType = sourcecode.cpp.h; path = mixed_product.hpp; sourceTree = "<group>"; };
		7BCD4922191995B200576A2E /* mixed_product.inl */ = {isa = PBXFileReference; fileEncoding = 4; lastKnownFileType = text; path = mixed_product.inl; sourceTree = "<group>"; };
		7BCD4923191995B200576A2E /* multiple.hpp */ = {isa = PBXFileReference; fileEncoding = 4; lastKnownFileType = sourcecode.cpp.h; path = multiple.hpp; sourceTree = "<group>"; };
		7BCD4924191995B200576A2E /* multiple.inl */ = {isa = PBXFileReference; fileEncoding = 4; lastKnownFileType = text; path = multiple.inl; sourceTree = "<group>"; };
		7BCD4925191995B200576A2E /* noise.hpp */ = {isa = PBXFileReference; fileEncoding = 4; lastKnownFileType = sourcecode.cpp.h; path = noise.hpp; sourceTree = "<group>"; };
		7BCD4926191995B200576A2E /* noise.inl */ = {isa = PBXFileReference; fileEncoding = 4; lastKnownFileType = text; path = noise.inl; sourceTree = "<group>"; };
		7BCD4927191995B200576A2E /* norm.hpp */ = {isa = PBXFileReference; fileEncoding = 4; lastKnownFileType = sourcecode.cpp.h; path = norm.hpp; sourceTree = "<group>"; };
		7BCD4928191995B200576A2E /* norm.inl */ = {isa = PBXFileReference; fileEncoding = 4; lastKnownFileType = text; path = norm.inl; sourceTree = "<group>"; };
		7BCD4929191995B200576A2E /* normal.hpp */ = {isa = PBXFileReference; fileEncoding = 4; lastKnownFileType = sourcecode.cpp.h; path = normal.hpp; sourceTree = "<group>"; };
		7BCD492A191995B200576A2E /* normal.inl */ = {isa = PBXFileReference; fileEncoding = 4; lastKnownFileType = text; path = normal.inl; sourceTree = "<group>"; };
		7BCD492B191995B200576A2E /* normalize_dot.hpp */ = {isa = PBXFileReference; fileEncoding = 4; lastKnownFileType = sourcecode.cpp.h; path = normalize_dot.hpp; sourceTree = "<group>"; };
		7BCD492C191995B200576A2E /* normalize_dot.inl */ = {isa = PBXFileReference; fileEncoding = 4; lastKnownFileType = text; path = normalize_dot.inl; sourceTree = "<group>"; };
		7BCD492D191995B200576A2E /* number_precision.hpp */ = {isa = PBXFileReference; fileEncoding = 4; lastKnownFileType = sourcecode.cpp.h; path = number_precision.hpp; sourceTree = "<group>"; };
		7BCD492E191995B200576A2E /* number_precision.inl */ = {isa = PBXFileReference; fileEncoding = 4; lastKnownFileType = text; path = number_precision.inl; sourceTree = "<group>"; };
		7BCD492F191995B200576A2E /* ocl_type.hpp */ = {isa = PBXFileReference; fileEncoding = 4; lastKnownFileType = sourcecode.cpp.h; path = ocl_type.hpp; sourceTree = "<group>"; };
		7BCD4930191995B200576A2E /* ocl_type.inl */ = {isa = PBXFileReference; fileEncoding = 4; lastKnownFileType = text; path = ocl_type.inl; sourceTree = "<group>"; };
		7BCD4931191995B200576A2E /* optimum_pow.hpp */ = {isa = PBXFileReference; fileEncoding = 4; lastKnownFileType = sourcecode.cpp.h; path = optimum_pow.hpp; sourceTree = "<group>"; };
		7BCD4932191995B200576A2E /* optimum_pow.inl */ = {isa = PBXFileReference; fileEncoding = 4; lastKnownFileType = text; path = optimum_pow.inl; sourceTree = "<group>"; };
		7BCD4933191995B200576A2E /* orthonormalize.hpp */ = {isa = PBXFileReference; fileEncoding = 4; lastKnownFileType = sourcecode.cpp.h; path = orthonormalize.hpp; sourceTree = "<group>"; };
		7BCD4934191995B200576A2E /* orthonormalize.inl */ = {isa = PBXFileReference; fileEncoding = 4; lastKnownFileType = text; path = orthonormalize.inl; sourceTree = "<group>"; };
		7BCD4935191995B200576A2E /* perpendicular.hpp */ = {isa = PBXFileReference; fileEncoding = 4; lastKnownFileType = sourcecode.cpp.h; path = perpendicular.hpp; sourceTree = "<group>"; };
		7BCD4936191995B200576A2E /* perpendicular.inl */ = {isa = PBXFileReference; fileEncoding = 4; lastKnownFileType = text; path = perpendicular.inl; sourceTree = "<group>"; };
		7BCD4937191995B200576A2E /* polar_coordinates.hpp */ = {isa = PBXFileReference; fileEncoding = 4; lastKnownFileType = sourcecode.cpp.h; path = polar_coordinates.hpp; sourceTree = "<group>"; };
		7BCD4938191995B200576A2E /* polar_coordinates.inl */ = {isa = PBXFileReference; fileEncoding = 4; lastKnownFileType = text; path = polar_coordinates.inl; sourceTree = "<group>"; };
		7BCD4939191995B200576A2E /* projection.hpp */ = {isa = PBXFileReference; fileEncoding = 4; lastKnownFileType = sourcecode.cpp.h; path = projection.hpp; sourceTree = "<group>"; };
		7BCD493A191995B200576A2E /* projection.inl */ = {isa = PBXFileReference; fileEncoding = 4; lastKnownFileType = text; path = projection.inl; sourceTree = "<group>"; };
		7BCD493B191995B200576A2E /* quaternion.hpp */ = {isa = PBXFileReference; fileEncoding = 4; lastKnownFileType = sourcecode.cpp.h; path = quaternion.hpp; sourceTree = "<group>"; };
		7BCD493C191995B200576A2E /* quaternion.inl */ = {isa = PBXFileReference; fileEncoding = 4; lastKnownFileType = text; path = quaternion.inl; sourceTree = "<group>"; };
		7BCD493D191995B200576A2E /* random.hpp */ = {isa = PBXFileReference; fileEncoding = 4; lastKnownFileType = sourcecode.cpp.h; path = random.hpp; sourceTree = "<group>"; };
		7BCD493E191995B200576A2E /* random.inl */ = {isa = PBXFileReference; fileEncoding = 4; lastKnownFileType = text; path = random.inl; sourceTree = "<group>"; };
		7BCD493F191995B200576A2E /* raw_data.hpp */ = {isa = PBXFileReference; fileEncoding = 4; lastKnownFileType = sourcecode.cpp.h; path = raw_data.hpp; sourceTree = "<group>"; };
		7BCD4940191995B200576A2E /* raw_data.inl */ = {isa = PBXFileReference; fileEncoding = 4; lastKnownFileType = text; path = raw_data.inl; sourceTree = "<group>"; };
		7BCD4941191995B200576A2E /* reciprocal.hpp */ = {isa = PBXFileReference; fileEncoding = 4; lastKnownFileType = sourcecode.cpp.h; path = reciprocal.hpp; sourceTree = "<group>"; };
		7BCD4942191995B200576A2E /* reciprocal.inl */ = {isa = PBXFileReference; fileEncoding = 4; lastKnownFileType = text; path = reciprocal.inl; sourceTree = "<group>"; };
		7BCD4943191995B200576A2E /* rotate_vector.hpp */ = {isa = PBXFileReference; fileEncoding = 4; lastKnownFileType = sourcecode.cpp.h; path = rotate_vector.hpp; sourceTree = "<group>"; };
		7BCD4944191995B200576A2E /* rotate_vector.inl */ = {isa = PBXFileReference; fileEncoding = 4; lastKnownFileType = text; path = rotate_vector.inl; sourceTree = "<group>"; };
		7BCD4945191995B200576A2E /* simd_mat4.hpp */ = {isa = PBXFileReference; fileEncoding = 4; lastKnownFileType = sourcecode.cpp.h; path = simd_mat4.hpp; sourceTree = "<group>"; };
		7BCD4946191995B200576A2E /* simd_mat4.inl */ = {isa = PBXFileReference; fileEncoding = 4; lastKnownFileType = text; path = simd_mat4.inl; sourceTree = "<group>"; };
		7BCD4947191995B200576A2E /* simd_vec4.hpp */ = {isa = PBXFileReference; fileEncoding = 4; lastKnownFileType = sourcecode.cpp.h; path = simd_vec4.hpp; sourceTree = "<group>"; };
		7BCD4948191995B200576A2E /* simd_vec4.inl */ = {isa = PBXFileReference; fileEncoding = 4; lastKnownFileType = text; path = simd_vec4.inl; sourceTree = "<group>"; };
		7BCD4949191995B200576A2E /* spline.hpp */ = {isa = PBXFileReference; fileEncoding = 4; lastKnownFileType = sourcecode.cpp.h; path = spline.hpp; sourceTree = "<group>"; };
		7BCD494A191995B200576A2E /* spline.inl */ = {isa = PBXFileReference; fileEncoding = 4; lastKnownFileType = text; path = spline.inl; sourceTree = "<group>"; };
		7BCD494B191995B200576A2E /* std_based_type.hpp */ = {isa = PBXFileReference; fileEncoding = 4; lastKnownFileType = sourcecode.cpp.h; path = std_based_type.hpp; sourceTree = "<group>"; };
		7BCD494C191995B200576A2E /* std_based_type.inl */ = {isa = PBXFileReference; fileEncoding = 4; lastKnownFileType = text; path = std_based_type.inl; sourceTree = "<group>"; };
		7BCD494D191995B200576A2E /* string_cast.hpp */ = {isa = PBXFileReference; fileEncoding = 4; lastKnownFileType = sourcecode.cpp.h; path = string_cast.hpp; sourceTree = "<group>"; };
		7BCD494E191995B200576A2E /* string_cast.inl */ = {isa = PBXFileReference; fileEncoding = 4; lastKnownFileType = text; path = string_cast.inl; sourceTree = "<group>"; };
		7BCD494F191995B200576A2E /* transform.hpp */ = {isa = PBXFileReference; fileEncoding = 4; lastKnownFileType = sourcecode.cpp.h; path = transform.hpp; sourceTree = "<group>"; };
		7BCD4950191995B200576A2E /* transform.inl */ = {isa = PBXFileReference; fileEncoding = 4; lastKnownFileType = text; path = transform.inl; sourceTree = "<group>"; };
		7BCD4951191995B200576A2E /* transform2.hpp */ = {isa = PBXFileReference; fileEncoding = 4; lastKnownFileType = sourcecode.cpp.h; path = transform2.hpp; sourceTree = "<group>"; };
		7BCD4952191995B200576A2E /* transform2.inl */ = {isa = PBXFileReference; fileEncoding = 4; lastKnownFileType = text; path = transform2.inl; sourceTree = "<group>"; };
		7BCD4953191995B200576A2E /* ulp.hpp */ = {isa = PBXFileReference; fileEncoding = 4; lastKnownFileType = sourcecode.cpp.h; path = ulp.hpp; sourceTree = "<group>"; };
		7BCD4954191995B200576A2E /* ulp.inl */ = {isa = PBXFileReference; fileEncoding = 4; lastKnownFileType = text; path = ulp.inl; sourceTree = "<group>"; };
		7BCD4955191995B200576A2E /* unsigned_int.hpp */ = {isa = PBXFileReference; fileEncoding = 4; lastKnownFileType = sourcecode.cpp.h; path = unsigned_int.hpp; sourceTree = "<group>"; };
		7BCD4956191995B200576A2E /* unsigned_int.inl */ = {isa = PBXFileReference; fileEncoding = 4; lastKnownFileType = text; path = unsigned_int.inl; sourceTree = "<group>"; };
		7BCD4957191995B200576A2E /* vec1.hpp */ = {isa = PBXFileReference; fileEncoding = 4; lastKnownFileType = sourcecode.cpp.h; path = vec1.hpp; sourceTree = "<group>"; };
		7BCD4958191995B200576A2E /* vec1.inl */ = {isa = PBXFileReference; fileEncoding = 4; lastKnownFileType = text; path = vec1.inl; sourceTree = "<group>"; };
		7BCD4959191995B200576A2E /* vector_access.hpp */ = {isa = PBXFileReference; fileEncoding = 4; lastKnownFileType = sourcecode.cpp.h; path = vector_access.hpp; sourceTree = "<group>"; };
		7BCD495A191995B200576A2E /* vector_access.inl */ = {isa = PBXFileReference; fileEncoding = 4; lastKnownFileType = text; path = vector_access.inl; sourceTree = "<group>"; };
		7BCD495B191995B200576A2E /* vector_angle.hpp */ = {isa = PBXFileReference; fileEncoding = 4; lastKnownFileType = sourcecode.cpp.h; path = vector_angle.hpp; sourceTree = "<group>"; };
		7BCD495C191995B200576A2E /* vector_angle.inl */ = {isa = PBXFileReference; fileEncoding = 4; lastKnownFileType = text; path = vector_angle.inl; sourceTree = "<group>"; };
		7BCD495D191995B200576A2E /* vector_query.hpp */ = {isa = PBXFileReference; fileEncoding = 4; lastKnownFileType = sourcecode.cpp.h; path = vector_query.hpp; sourceTree = "<group>"; };
		7BCD495E191995B200576A2E /* vector_query.inl */ = {isa = PBXFileReference; fileEncoding = 4; lastKnownFileType = text; path = vector_query.inl; sourceTree = "<group>"; };
		7BCD495F191995B200576A2E /* verbose_operator.hpp */ = {isa = PBXFileReference; fileEncoding = 4; lastKnownFileType = sourcecode.cpp.h; path = verbose_operator.hpp; sourceTree = "<group>"; };
		7BCD4960191995B200576A2E /* verbose_operator.inl */ = {isa = PBXFileReference; fileEncoding = 4; lastKnownFileType = text; path = verbose_operator.inl; sourceTree = "<group>"; };
		7BCD4961191995B200576A2E /* wrap.hpp */ = {isa = PBXFileReference; fileEncoding = 4; lastKnownFileType = sourcecode.cpp.h; path = wrap.hpp; sourceTree = "<group>"; };
		7BCD4962191995B200576A2E /* wrap.inl */ = {isa = PBXFileReference; fileEncoding = 4; lastKnownFileType = text; path = wrap.inl; sourceTree = "<group>"; };
		7BCD4964191995B200576A2E /* xstream.hpp */ = {isa = PBXFileReference; fileEncoding = 4; lastKnownFileType = sourcecode.cpp.h; path = xstream.hpp; sourceTree = "<group>"; };
		7BCD4965191995B200576A2E /* main.cpp */ = {isa = PBXFileReference; fileEncoding = 4; lastKnownFileType = sourcecode.cpp.cpp; path = main.cpp; sourceTree = "<group>"; };
		7BCD496A191995B200576A2E /* CMeshLoaderSimple.cpp */ = {isa = PBXFileReference; fileEncoding = 4; lastKnownFileType = sourcecode.cpp.cpp; path = CMeshLoaderSimple.cpp; sourceTree = "<group>"; };
		7BCD496B191995B200576A2E /* CMeshLoaderSimple.h */ = {isa = PBXFileReference; fileEncoding = 4; lastKnownFileType = sourcecode.c.h; path = CMeshLoaderSimple.h; sourceTree = "<group>"; };
		7BCD496C191995B200576A2E /* GLHandles.h */ = {isa = PBXFileReference; fileEncoding = 4; lastKnownFileType = sourcecode.c.h; path = GLHandles.h; sourceTree = "<group>"; };
		7BCD496D191995B200576A2E /* GLSL_helper.cpp */ = {isa = PBXFileReference; fileEncoding = 4; lastKnownFileType = sourcecode.cpp.cpp; path = GLSL_helper.cpp; sourceTree = "<group>"; };
		7BCD496E191995B200576A2E /* GLSL_helper.h */ = {isa = PBXFileReference; fileEncoding = 4; lastKnownFileType = sourcecode.c.h; path = GLSL_helper.h; sourceTree = "<group>"; };
		7BCD496F191995B200576A2E /* World.cpp */ = {isa = PBXFileReference; fileEncoding = 4; lastKnownFileType = sourcecode.cpp.cpp; path = World.cpp; sourceTree = "<group>"; };
		7BCD4970191995B200576A2E /* World.h */ = {isa = PBXFileReference; fileEncoding = 4; lastKnownFileType = sourcecode.c.h; path = World.h; sourceTree = "<group>"; };
		7BCD497A19199AAD00576A2E /* libGLEW.a */ = {isa = PBXFileReference; lastKnownFileType = archive.ar; path = libGLEW.a; sourceTree = "<group>"; };
		7BCD4987191ADB6600576A2E /* GameObject.cpp */ = {isa = PBXFileReference; fileEncoding = 4; lastKnownFileType = sourcecode.cpp.cpp; path = GameObject.cpp; sourceTree = "<group>"; };
		7BCD4988191ADB6600576A2E /* GameObject.h */ = {isa = PBXFileReference; fileEncoding = 4; lastKnownFileType = sourcecode.c.h; path = GameObject.h; sourceTree = "<group>"; };
		7BCFD28E1922C1180069E59A /* Jukebox.cpp */ = {isa = PBXFileReference; fileEncoding = 4; lastKnownFileType = sourcecode.cpp.cpp; path = Jukebox.cpp; sourceTree = "<group>"; };
		7BCFD28F1922C1180069E59A /* Jukebox.h */ = {isa = PBXFileReference; fileEncoding = 4; lastKnownFileType = sourcecode.c.h; path = Jukebox.h; sourceTree = "<group>"; };
		7BCFD2921922D07D0069E59A /* footsteps.mp3 */ = {isa = PBXFileReference; lastKnownFileType = audio.mp3; path = footsteps.mp3; sourceTree = "<group>"; };
		7BCFD2931922D07D0069E59A /* hammerSmash.mp3 */ = {isa = PBXFileReference; lastKnownFileType = audio.mp3; path = hammerSmash.mp3; sourceTree = "<group>"; };
		7BCFD2951922D07D0069E59A /* Epiphany.mp3 */ = {isa = PBXFileReference; lastKnownFileType = audio.mp3; path = Epiphany.mp3; sourceTree = "<group>"; };
		7BCFD2961922D07D0069E59A /* EverythingFadesToGray.mp3 */ = {isa = PBXFileReference; lastKnownFileType = audio.mp3; path = EverythingFadesToGray.mp3; sourceTree = "<group>"; };
		7BCFD2971922D07D0069E59A /* LastOfTheWilds.mp3 */ = {isa = PBXFileReference; lastKnownFileType = audio.mp3; path = LastOfTheWilds.mp3; sourceTree = "<group>"; };
		7BCFD2981922D07D0069E59A /* Orion.mp3 */ = {isa = PBXFileReference; lastKnownFileType = audio.mp3; path = Orion.mp3; sourceTree = "<group>"; };
		7BCFD2991922D29D0069E59A /* scream.mp3 */ = {isa = PBXFileReference; lastKnownFileType = audio.mp3; path = scream.mp3; sourceTree = "<group>"; };
		7BCFD2BB192415590069E59A /* mountain.lvl */ = {isa = PBXFileReference; lastKnownFileType = text; path = mountain.lvl; sourceTree = "<group>"; };
		7BCFD2BE19257F7F0069E59A /* LetItGo.mp3 */ = {isa = PBXFileReference; lastKnownFileType = audio.mp3; path = LetItGo.mp3; sourceTree = "<group>"; };
		7BCFD2BF1929604C0069E59A /* bjorn_hammer.dae */ = {isa = PBXFileReference; lastKnownFileType = text.xml.dae; path = bjorn_hammer.dae; sourceTree = "<group>"; };
		7BCFD2C01929604C0069E59A /* bjorn_v1.1.dae */ = {isa = PBXFileReference; lastKnownFileType = text.xml.dae; path = bjorn_v1.1.dae; sourceTree = "<group>"; };
		7BCFD2C11929604C0069E59A /* mountain_depthmap_back.jpg */ = {isa = PBXFileReference; lastKnownFileType = image.jpeg; path = mountain_depthmap_back.jpg; sourceTree = "<group>"; };
		7BCFD2C21929604C0069E59A /* mountain_depthmap_front.jpg */ = {isa = PBXFileReference; lastKnownFileType = image.jpeg; path = mountain_depthmap_front.jpg; sourceTree = "<group>"; };
		7BCFD2C31929604C0069E59A /* mountain_depthmap_left.jpg */ = {isa = PBXFileReference; lastKnownFileType = image.jpeg; path = mountain_depthmap_left.jpg; sourceTree = "<group>"; };
		7BCFD2C41929604C0069E59A /* mountain_depthmap_right.jpg */ = {isa = PBXFileReference; lastKnownFileType = image.jpeg; path = mountain_depthmap_right.jpg; sourceTree = "<group>"; };
		7BCFD2C51929604C0069E59A /* mountain.dae */ = {isa = PBXFileReference; lastKnownFileType = text.xml.dae; path = mountain.dae; sourceTree = "<group>"; };
		7BCFD2C61929604C0069E59A /* platform_2.dae */ = {isa = PBXFileReference; lastKnownFileType = text.xml.dae; path = platform_2.dae; sourceTree = "<group>"; };
		7BCFD2C71929604C0069E59A /* platform_snow.jpg */ = {isa = PBXFileReference; lastKnownFileType = image.jpeg; path = platform_snow.jpg; sourceTree = "<group>"; };
		7BD073E8191ED2AC006327F3 /* chunks.cpp */ = {isa = PBXFileReference; fileEncoding = 4; lastKnownFileType = sourcecode.cpp.cpp; path = chunks.cpp; sourceTree = "<group>"; };
		7BD073E9191ED2AC006327F3 /* chunks.h */ = {isa = PBXFileReference; fileEncoding = 4; lastKnownFileType = sourcecode.c.h; path = chunks.h; sourceTree = "<group>"; };
		7BE396991915AD6C005A026B /* libglfw3.a */ = {isa = PBXFileReference; lastKnownFileType = archive.ar; path = libglfw3.a; sourceTree = "<group>"; };
		7BE396A11915ADCF005A026B /* OpenGL.framework */ = {isa = PBXFileReference; lastKnownFileType = wrapper.framework; name = OpenGL.framework; path = System/Library/Frameworks/OpenGL.framework; sourceTree = SDKROOT; };
		7BE396A31915ADDA005A026B /* CoreVideo.framework */ = {isa = PBXFileReference; lastKnownFileType = wrapper.framework; name = CoreVideo.framework; path = System/Library/Frameworks/CoreVideo.framework; sourceTree = SDKROOT; };
		7BE396A51915ADE0005A026B /* Cocoa.framework */ = {isa = PBXFileReference; lastKnownFileType = wrapper.framework; name = Cocoa.framework; path = System/Library/Frameworks/Cocoa.framework; sourceTree = SDKROOT; };
		7BE396A71915AE05005A026B /* IOKit.framework */ = {isa = PBXFileReference; lastKnownFileType = wrapper.framework; name = IOKit.framework; path = System/Library/Frameworks/IOKit.framework; sourceTree = SDKROOT; };
		7BF7373719212C870057AF67 /* MyGame */ = {isa = PBXFileReference; explicitFileType = "compiled.mach-o.executable"; includeInIndex = 0; path = MyGame; sourceTree = BUILT_PRODUCTS_DIR; };
		7BF7373819216DC90057AF67 /* libfmodex.dylib */ = {isa = PBXFileReference; lastKnownFileType = "compiled.mach-o.dylib"; name = libfmodex.dylib; path = /usr/local/lib/libfmodex.dylib; sourceTree = "<absolute>"; };
		7BF7374519216E380057AF67 /* fmod.h */ = {isa = PBXFileReference; lastKnownFileType = sourcecode.c.h; path = fmod.h; sourceTree = "<group>"; };
		7BF7374619216E380057AF67 /* fmod.hpp */ = {isa = PBXFileReference; lastKnownFileType = sourcecode.cpp.h; path = fmod.hpp; sourceTree = "<group>"; };
		7BF7374719216E380057AF67 /* fmod_codec.h */ = {isa = PBXFileReference; lastKnownFileType = sourcecode.c.h; path = fmod_codec.h; sourceTree = "<group>"; };
		7BF7374819216E380057AF67 /* fmod_dsp.h */ = {isa = PBXFileReference; lastKnownFileType = sourcecode.c.h; path = fmod_dsp.h; sourceTree = "<group>"; };
		7BF7374919216E380057AF67 /* fmod_errors.h */ = {isa = PBXFileReference; lastKnownFileType = sourcecode.c.h; path = fmod_errors.h; sourceTree = "<group>"; };
		7BF7374A19216E380057AF67 /* fmod_memoryinfo.h */ = {isa = PBXFileReference; lastKnownFileType = sourcecode.c.h; path = fmod_memoryinfo.h; sourceTree = "<group>"; };
		7BF7374B19216E380057AF67 /* fmod_output.h */ = {isa = PBXFileReference; lastKnownFileType = sourcecode.c.h; path = fmod_output.h; sourceTree = "<group>"; };
		7BF7374C19216E620057AF67 /* Sound.cpp */ = {isa = PBXFileReference; fileEncoding = 4; lastKnownFileType = sourcecode.cpp.cpp; path = Sound.cpp; sourceTree = "<group>"; };
		7BF7374D19216E620057AF67 /* Sound.h */ = {isa = PBXFileReference; fileEncoding = 4; lastKnownFileType = sourcecode.c.h; path = Sound.h; sourceTree = "<group>"; };
		7BF7374F19216FA70057AF67 /* libfmodexL.dylib */ = {isa = PBXFileReference; lastKnownFileType = "compiled.mach-o.dylib"; name = libfmodexL.dylib; path = /usr/local/lib/libfmodexL.dylib; sourceTree = "<absolute>"; };
/* End PBXFileReference section */

/* Begin PBXFrameworksBuildPhase section */
		7BE395981915ACE1005A026B /* Frameworks */ = {
			isa = PBXFrameworksBuildPhase;
			buildActionMask = 2147483647;
			files = (
				7BF7373919216DC90057AF67 /* libfmodex.dylib in Frameworks */,
				7B256D83191BF27700616E09 /* libassimp.3.0.0.dylib in Frameworks */,
				7BE396A81915AE05005A026B /* IOKit.framework in Frameworks */,
				7B256D85191BF31800616E09 /* libIL.a in Frameworks */,
				7BE396A61915ADE0005A026B /* Cocoa.framework in Frameworks */,
				7BCD497B19199AAD00576A2E /* libGLEW.a in Frameworks */,
				7BE396A41915ADDA005A026B /* CoreVideo.framework in Frameworks */,
				7BE396A21915ADCF005A026B /* OpenGL.framework in Frameworks */,
				7BF7375019216FA80057AF67 /* libfmodexL.dylib in Frameworks */,
				7BE396A01915AD6C005A026B /* libglfw3.a in Frameworks */,
			);
			runOnlyForDeploymentPostprocessing = 0;
		};
/* End PBXFrameworksBuildPhase section */

/* Begin PBXGroup section */
		7B7C52BA1934387200E82CC2 /* Shaders */ = {
			isa = PBXGroup;
			children = (
				7B7C52BC193438AC00E82CC2 /* Lab1_frag.glsl */,
				7B7C52BD193438AC00E82CC2 /* Lab1_vert.glsl */,
				7B7C52B61934386600E82CC2 /* DepthRTT_frag.glsl */,
				7B7C52B71934386600E82CC2 /* DepthRTT_vert.glsl */,
				7B7C52B81934386700E82CC2 /* ShadowMapping_frag.glsl */,
				7B7C52B91934386700E82CC2 /* ShadowMapping_vert.glsl */,
			);
			name = Shaders;
			sourceTree = "<group>";
		};
		7B7C52BB1934388A00E82CC2 /* Libraries */ = {
			isa = PBXGroup;
			children = (
				7BF7374F19216FA70057AF67 /* libfmodexL.dylib */,
				7BF7373819216DC90057AF67 /* libfmodex.dylib */,
				7B256D84191BF31800616E09 /* libIL.a */,
				7B256D82191BF27700616E09 /* libassimp.3.0.0.dylib */,
				7BE396991915AD6C005A026B /* libglfw3.a */,
				7BCD497A19199AAD00576A2E /* libGLEW.a */,
			);
			name = Libraries;
			sourceTree = "<group>";
		};
		7BCD4878191995B100576A2E /* Components */ = {
			isa = PBXGroup;
			children = (
				7BCD4987191ADB6600576A2E /* GameObject.cpp */,
				7BCD4988191ADB6600576A2E /* GameObject.h */,
				7BCD4879191995B100576A2E /* Bjorn.cpp */,
				7BCD487A191995B100576A2E /* Bjorn.h */,
				7BCD487C191995B100576A2E /* Hammer.cpp */,
				7BCD487D191995B100576A2E /* Hammer.h */,
				7BCD487E191995B100576A2E /* Mountain.cpp */,
				7BCD487F191995B100576A2E /* Mountain.h */,
				7BCD4880191995B100576A2E /* Platform.cpp */,
				7BCD4881191995B100576A2E /* Platform.h */,
			);
			path = Components;
			sourceTree = "<group>";
		};
		7BCD4882191995B100576A2E /* glm */ = {
			isa = PBXGroup;
			children = (
				7BCD4883191995B100576A2E /* CMakeLists.txt */,
				7BCD4884191995B100576A2E /* core */,
				7BCD48D0191995B200576A2E /* ext.hpp */,
				7BCD48D1191995B200576A2E /* glm.hpp */,
				7BCD48D2191995B200576A2E /* gtc */,
				7BCD48E8191995B200576A2E /* gtx */,
				7BCD4963191995B200576A2E /* virtrev */,
			);
			path = glm;
			sourceTree = "<group>";
		};
		7BCD4884191995B100576A2E /* core */ = {
			isa = PBXGroup;
			children = (
				7BCD4885191995B100576A2E /* _detail.hpp */,
				7BCD4886191995B100576A2E /* _fixes.hpp */,
				7BCD4887191995B100576A2E /* _swizzle.hpp */,
				7BCD4888191995B100576A2E /* _swizzle_func.hpp */,
				7BCD4889191995B100576A2E /* _vectorize.hpp */,
				7BCD488A191995B100576A2E /* func_common.hpp */,
				7BCD488B191995B100576A2E /* func_common.inl */,
				7BCD488C191995B100576A2E /* func_exponential.hpp */,
				7BCD488D191995B100576A2E /* func_exponential.inl */,
				7BCD488E191995B100576A2E /* func_geometric.hpp */,
				7BCD488F191995B100576A2E /* func_geometric.inl */,
				7BCD4890191995B100576A2E /* func_integer.hpp */,
				7BCD4891191995B100576A2E /* func_integer.inl */,
				7BCD4892191995B100576A2E /* func_matrix.hpp */,
				7BCD4893191995B100576A2E /* func_matrix.inl */,
				7BCD4894191995B100576A2E /* func_noise.hpp */,
				7BCD4895191995B100576A2E /* func_noise.inl */,
				7BCD4896191995B100576A2E /* func_packing.hpp */,
				7BCD4897191995B100576A2E /* func_packing.inl */,
				7BCD4898191995B100576A2E /* func_trigonometric.hpp */,
				7BCD4899191995B100576A2E /* func_trigonometric.inl */,
				7BCD489A191995B100576A2E /* func_vector_relational.hpp */,
				7BCD489B191995B100576A2E /* func_vector_relational.inl */,
				7BCD489C191995B100576A2E /* hint.hpp */,
				7BCD489D191995B100576A2E /* intrinsic_common.hpp */,
				7BCD489E191995B100576A2E /* intrinsic_common.inl */,
				7BCD489F191995B100576A2E /* intrinsic_exponential.hpp */,
				7BCD48A0191995B100576A2E /* intrinsic_exponential.inl */,
				7BCD48A1191995B100576A2E /* intrinsic_geometric.hpp */,
				7BCD48A2191995B100576A2E /* intrinsic_geometric.inl */,
				7BCD48A3191995B100576A2E /* intrinsic_matrix.hpp */,
				7BCD48A4191995B100576A2E /* intrinsic_matrix.inl */,
				7BCD48A5191995B100576A2E /* intrinsic_trigonometric.hpp */,
				7BCD48A6191995B100576A2E /* intrinsic_trigonometric.inl */,
				7BCD48A7191995B100576A2E /* intrinsic_vector_relational.hpp */,
				7BCD48A8191995B100576A2E /* intrinsic_vector_relational.inl */,
				7BCD48A9191995B100576A2E /* setup.hpp */,
				7BCD48AA191995B100576A2E /* type.hpp */,
				7BCD48AB191995B100576A2E /* type_float.hpp */,
				7BCD48AC191995B100576A2E /* type_gentype.hpp */,
				7BCD48AD191995B100576A2E /* type_gentype.inl */,
				7BCD48AE191995B100576A2E /* type_half.hpp */,
				7BCD48AF191995B100576A2E /* type_half.inl */,
				7BCD48B0191995B100576A2E /* type_int.hpp */,
				7BCD48B1191995B100576A2E /* type_mat.hpp */,
				7BCD48B2191995B100576A2E /* type_mat.inl */,
				7BCD48B3191995B100576A2E /* type_mat2x2.hpp */,
				7BCD48B4191995B100576A2E /* type_mat2x2.inl */,
				7BCD48B5191995B100576A2E /* type_mat2x3.hpp */,
				7BCD48B6191995B100576A2E /* type_mat2x3.inl */,
				7BCD48B7191995B100576A2E /* type_mat2x4.hpp */,
				7BCD48B8191995B100576A2E /* type_mat2x4.inl */,
				7BCD48B9191995B100576A2E /* type_mat3x2.hpp */,
				7BCD48BA191995B100576A2E /* type_mat3x2.inl */,
				7BCD48BB191995B100576A2E /* type_mat3x3.hpp */,
				7BCD48BC191995B100576A2E /* type_mat3x3.inl */,
				7BCD48BD191995B100576A2E /* type_mat3x4.hpp */,
				7BCD48BE191995B100576A2E /* type_mat3x4.inl */,
				7BCD48BF191995B100576A2E /* type_mat4x2.hpp */,
				7BCD48C0191995B100576A2E /* type_mat4x2.inl */,
				7BCD48C1191995B100576A2E /* type_mat4x3.hpp */,
				7BCD48C2191995B100576A2E /* type_mat4x3.inl */,
				7BCD48C3191995B200576A2E /* type_mat4x4.hpp */,
				7BCD48C4191995B200576A2E /* type_mat4x4.inl */,
				7BCD48C5191995B200576A2E /* type_size.hpp */,
				7BCD48C6191995B200576A2E /* type_vec.hpp */,
				7BCD48C7191995B200576A2E /* type_vec.inl */,
				7BCD48C8191995B200576A2E /* type_vec1.hpp */,
				7BCD48C9191995B200576A2E /* type_vec1.inl */,
				7BCD48CA191995B200576A2E /* type_vec2.hpp */,
				7BCD48CB191995B200576A2E /* type_vec2.inl */,
				7BCD48CC191995B200576A2E /* type_vec3.hpp */,
				7BCD48CD191995B200576A2E /* type_vec3.inl */,
				7BCD48CE191995B200576A2E /* type_vec4.hpp */,
				7BCD48CF191995B200576A2E /* type_vec4.inl */,
			);
			path = core;
			sourceTree = "<group>";
		};
		7BCD48D2191995B200576A2E /* gtc */ = {
			isa = PBXGroup;
			children = (
				7BCD48D3191995B200576A2E /* half_float.hpp */,
				7BCD48D4191995B200576A2E /* half_float.inl */,
				7BCD48D5191995B200576A2E /* matrix_access.hpp */,
				7BCD48D6191995B200576A2E /* matrix_access.inl */,
				7BCD48D7191995B200576A2E /* matrix_integer.hpp */,
				7BCD48D8191995B200576A2E /* matrix_inverse.hpp */,
				7BCD48D9191995B200576A2E /* matrix_inverse.inl */,
				7BCD48DA191995B200576A2E /* matrix_transform.hpp */,
				7BCD48DB191995B200576A2E /* matrix_transform.inl */,
				7BCD48DC191995B200576A2E /* noise.hpp */,
				7BCD48DD191995B200576A2E /* noise.inl */,
				7BCD48DE191995B200576A2E /* quaternion.hpp */,
				7BCD48DF191995B200576A2E /* quaternion.inl */,
				7BCD48E0191995B200576A2E /* random.hpp */,
				7BCD48E1191995B200576A2E /* random.inl */,
				7BCD48E2191995B200576A2E /* swizzle.hpp */,
				7BCD48E3191995B200576A2E /* swizzle.inl */,
				7BCD48E4191995B200576A2E /* type_precision.hpp */,
				7BCD48E5191995B200576A2E /* type_precision.inl */,
				7BCD48E6191995B200576A2E /* type_ptr.hpp */,
				7BCD48E7191995B200576A2E /* type_ptr.inl */,
			);
			path = gtc;
			sourceTree = "<group>";
		};
		7BCD48E8191995B200576A2E /* gtx */ = {
			isa = PBXGroup;
			children = (
				7BCD48E9191995B200576A2E /* associated_min_max.hpp */,
				7BCD48EA191995B200576A2E /* associated_min_max.inl */,
				7BCD48EB191995B200576A2E /* bit.hpp */,
				7BCD48EC191995B200576A2E /* bit.inl */,
				7BCD48ED191995B200576A2E /* closest_point.hpp */,
				7BCD48EE191995B200576A2E /* closest_point.inl */,
				7BCD48EF191995B200576A2E /* color_cast.hpp */,
				7BCD48F0191995B200576A2E /* color_cast.inl */,
				7BCD48F1191995B200576A2E /* color_space.hpp */,
				7BCD48F2191995B200576A2E /* color_space.inl */,
				7BCD48F3191995B200576A2E /* color_space_YCoCg.hpp */,
				7BCD48F4191995B200576A2E /* color_space_YCoCg.inl */,
				7BCD48F5191995B200576A2E /* compatibility.hpp */,
				7BCD48F6191995B200576A2E /* compatibility.inl */,
				7BCD48F7191995B200576A2E /* component_wise.hpp */,
				7BCD48F8191995B200576A2E /* component_wise.inl */,
				7BCD48F9191995B200576A2E /* constants.hpp */,
				7BCD48FA191995B200576A2E /* constants.inl */,
				7BCD48FB191995B200576A2E /* epsilon.hpp */,
				7BCD48FC191995B200576A2E /* epsilon.inl */,
				7BCD48FD191995B200576A2E /* euler_angles.hpp */,
				7BCD48FE191995B200576A2E /* euler_angles.inl */,
				7BCD48FF191995B200576A2E /* extend.hpp */,
				7BCD4900191995B200576A2E /* extend.inl */,
				7BCD4901191995B200576A2E /* extented_min_max.hpp */,
				7BCD4902191995B200576A2E /* extented_min_max.inl */,
				7BCD4903191995B200576A2E /* fast_exponential.hpp */,
				7BCD4904191995B200576A2E /* fast_exponential.inl */,
				7BCD4905191995B200576A2E /* fast_square_root.hpp */,
				7BCD4906191995B200576A2E /* fast_square_root.inl */,
				7BCD4907191995B200576A2E /* fast_trigonometry.hpp */,
				7BCD4908191995B200576A2E /* fast_trigonometry.inl */,
				7BCD4909191995B200576A2E /* gradient_paint.hpp */,
				7BCD490A191995B200576A2E /* gradient_paint.inl */,
				7BCD490B191995B200576A2E /* handed_coordinate_space.hpp */,
				7BCD490C191995B200576A2E /* handed_coordinate_space.inl */,
				7BCD490D191995B200576A2E /* inertia.hpp */,
				7BCD490E191995B200576A2E /* inertia.inl */,
				7BCD490F191995B200576A2E /* int_10_10_10_2.hpp */,
				7BCD4910191995B200576A2E /* int_10_10_10_2.inl */,
				7BCD4911191995B200576A2E /* integer.hpp */,
				7BCD4912191995B200576A2E /* integer.inl */,
				7BCD4913191995B200576A2E /* intersect.hpp */,
				7BCD4914191995B200576A2E /* intersect.inl */,
				7BCD4915191995B200576A2E /* log_base.hpp */,
				7BCD4916191995B200576A2E /* log_base.inl */,
				7BCD4917191995B200576A2E /* matrix_cross_product.hpp */,
				7BCD4918191995B200576A2E /* matrix_cross_product.inl */,
				7BCD4919191995B200576A2E /* matrix_interpolation.hpp */,
				7BCD491A191995B200576A2E /* matrix_interpolation.inl */,
				7BCD491B191995B200576A2E /* matrix_major_storage.hpp */,
				7BCD491C191995B200576A2E /* matrix_major_storage.inl */,
				7BCD491D191995B200576A2E /* matrix_operation.hpp */,
				7BCD491E191995B200576A2E /* matrix_operation.inl */,
				7BCD491F191995B200576A2E /* matrix_query.hpp */,
				7BCD4920191995B200576A2E /* matrix_query.inl */,
				7BCD4921191995B200576A2E /* mixed_product.hpp */,
				7BCD4922191995B200576A2E /* mixed_product.inl */,
				7BCD4923191995B200576A2E /* multiple.hpp */,
				7BCD4924191995B200576A2E /* multiple.inl */,
				7BCD4925191995B200576A2E /* noise.hpp */,
				7BCD4926191995B200576A2E /* noise.inl */,
				7BCD4927191995B200576A2E /* norm.hpp */,
				7BCD4928191995B200576A2E /* norm.inl */,
				7BCD4929191995B200576A2E /* normal.hpp */,
				7BCD492A191995B200576A2E /* normal.inl */,
				7BCD492B191995B200576A2E /* normalize_dot.hpp */,
				7BCD492C191995B200576A2E /* normalize_dot.inl */,
				7BCD492D191995B200576A2E /* number_precision.hpp */,
				7BCD492E191995B200576A2E /* number_precision.inl */,
				7BCD492F191995B200576A2E /* ocl_type.hpp */,
				7BCD4930191995B200576A2E /* ocl_type.inl */,
				7BCD4931191995B200576A2E /* optimum_pow.hpp */,
				7BCD4932191995B200576A2E /* optimum_pow.inl */,
				7BCD4933191995B200576A2E /* orthonormalize.hpp */,
				7BCD4934191995B200576A2E /* orthonormalize.inl */,
				7BCD4935191995B200576A2E /* perpendicular.hpp */,
				7BCD4936191995B200576A2E /* perpendicular.inl */,
				7BCD4937191995B200576A2E /* polar_coordinates.hpp */,
				7BCD4938191995B200576A2E /* polar_coordinates.inl */,
				7BCD4939191995B200576A2E /* projection.hpp */,
				7BCD493A191995B200576A2E /* projection.inl */,
				7BCD493B191995B200576A2E /* quaternion.hpp */,
				7BCD493C191995B200576A2E /* quaternion.inl */,
				7BCD493D191995B200576A2E /* random.hpp */,
				7BCD493E191995B200576A2E /* random.inl */,
				7BCD493F191995B200576A2E /* raw_data.hpp */,
				7BCD4940191995B200576A2E /* raw_data.inl */,
				7BCD4941191995B200576A2E /* reciprocal.hpp */,
				7BCD4942191995B200576A2E /* reciprocal.inl */,
				7BCD4943191995B200576A2E /* rotate_vector.hpp */,
				7BCD4944191995B200576A2E /* rotate_vector.inl */,
				7BCD4945191995B200576A2E /* simd_mat4.hpp */,
				7BCD4946191995B200576A2E /* simd_mat4.inl */,
				7BCD4947191995B200576A2E /* simd_vec4.hpp */,
				7BCD4948191995B200576A2E /* simd_vec4.inl */,
				7BCD4949191995B200576A2E /* spline.hpp */,
				7BCD494A191995B200576A2E /* spline.inl */,
				7BCD494B191995B200576A2E /* std_based_type.hpp */,
				7BCD494C191995B200576A2E /* std_based_type.inl */,
				7BCD494D191995B200576A2E /* string_cast.hpp */,
				7BCD494E191995B200576A2E /* string_cast.inl */,
				7BCD494F191995B200576A2E /* transform.hpp */,
				7BCD4950191995B200576A2E /* transform.inl */,
				7BCD4951191995B200576A2E /* transform2.hpp */,
				7BCD4952191995B200576A2E /* transform2.inl */,
				7BCD4953191995B200576A2E /* ulp.hpp */,
				7BCD4954191995B200576A2E /* ulp.inl */,
				7BCD4955191995B200576A2E /* unsigned_int.hpp */,
				7BCD4956191995B200576A2E /* unsigned_int.inl */,
				7BCD4957191995B200576A2E /* vec1.hpp */,
				7BCD4958191995B200576A2E /* vec1.inl */,
				7BCD4959191995B200576A2E /* vector_access.hpp */,
				7BCD495A191995B200576A2E /* vector_access.inl */,
				7BCD495B191995B200576A2E /* vector_angle.hpp */,
				7BCD495C191995B200576A2E /* vector_angle.inl */,
				7BCD495D191995B200576A2E /* vector_query.hpp */,
				7BCD495E191995B200576A2E /* vector_query.inl */,
				7BCD495F191995B200576A2E /* verbose_operator.hpp */,
				7BCD4960191995B200576A2E /* verbose_operator.inl */,
				7BCD4961191995B200576A2E /* wrap.hpp */,
				7BCD4962191995B200576A2E /* wrap.inl */,
			);
			path = gtx;
			sourceTree = "<group>";
		};
		7BCD4963191995B200576A2E /* virtrev */ = {
			isa = PBXGroup;
			children = (
				7BCD4964191995B200576A2E /* xstream.hpp */,
			);
			path = virtrev;
			sourceTree = "<group>";
		};
		7BCD4966191995B200576A2E /* Models */ = {
			isa = PBXGroup;
			children = (
				7BCFD2BF1929604C0069E59A /* bjorn_hammer.dae */,
				7BCFD2C01929604C0069E59A /* bjorn_v1.1.dae */,
				7BCFD2C11929604C0069E59A /* mountain_depthmap_back.jpg */,
				7BCFD2C21929604C0069E59A /* mountain_depthmap_front.jpg */,
				7BCFD2C31929604C0069E59A /* mountain_depthmap_left.jpg */,
				7BCFD2C41929604C0069E59A /* mountain_depthmap_right.jpg */,
				7BCFD2C51929604C0069E59A /* mountain.dae */,
				7BCFD2C61929604C0069E59A /* platform_2.dae */,
				7BCFD2C71929604C0069E59A /* platform_snow.jpg */,
				7B355979191B0DAA005FAD21 /* GameModel.cpp */,
				7B35597A191B0DAA005FAD21 /* GameModel.h */,
			);
			path = Models;
			sourceTree = "<group>";
		};
		7BCD4969191995B200576A2E /* Utils */ = {
			isa = PBXGroup;
			children = (
				7BD073E8191ED2AC006327F3 /* chunks.cpp */,
				7BD073E9191ED2AC006327F3 /* chunks.h */,
				7BCD496A191995B200576A2E /* CMeshLoaderSimple.cpp */,
				7BCD496B191995B200576A2E /* CMeshLoaderSimple.h */,
				7BCD496C191995B200576A2E /* GLHandles.h */,
				7BCD496D191995B200576A2E /* GLSL_helper.cpp */,
				7BCD496E191995B200576A2E /* GLSL_helper.h */,
				7BCD496F191995B200576A2E /* World.cpp */,
				7BCD4970191995B200576A2E /* World.h */,
			);
			path = Utils;
			sourceTree = "<group>";
		};
		7BCFD2911922D07D0069E59A /* Effects */ = {
			isa = PBXGroup;
			children = (
				7BCFD2991922D29D0069E59A /* scream.mp3 */,
				7BCFD2921922D07D0069E59A /* footsteps.mp3 */,
				7BCFD2931922D07D0069E59A /* hammerSmash.mp3 */,
			);
			path = Effects;
			sourceTree = "<group>";
		};
		7BCFD2941922D07D0069E59A /* Music */ = {
			isa = PBXGroup;
			children = (
				7BCFD2BE19257F7F0069E59A /* LetItGo.mp3 */,
				7BCFD2951922D07D0069E59A /* Epiphany.mp3 */,
				7BCFD2961922D07D0069E59A /* EverythingFadesToGray.mp3 */,
				7BCFD2971922D07D0069E59A /* LastOfTheWilds.mp3 */,
				7BCFD2981922D07D0069E59A /* Orion.mp3 */,
			);
			path = Music;
			sourceTree = "<group>";
		};
		7BE395921915ACE1005A026B = {
			isa = PBXGroup;
			children = (
				7BCFD2BB192415590069E59A /* mountain.lvl */,
				7B7C52BA1934387200E82CC2 /* Shaders */,
				7BF7374319216E380057AF67 /* Audio */,
				7BCD4878191995B100576A2E /* Components */,
				7BCD4882191995B100576A2E /* glm */,
				7BCD4965191995B200576A2E /* main.cpp */,
				7BCD4966191995B200576A2E /* Models */,
				7BCD4969191995B200576A2E /* Utils */,
				7BE396A71915AE05005A026B /* IOKit.framework */,
				7BE396A51915ADE0005A026B /* Cocoa.framework */,
				7BE396A31915ADDA005A026B /* CoreVideo.framework */,
				7BE396A11915ADCF005A026B /* OpenGL.framework */,
				7B7C52BB1934388A00E82CC2 /* Libraries */,
				7BF7373719212C870057AF67 /* MyGame */,
			);
			sourceTree = "<group>";
		};
		7BF7374319216E380057AF67 /* Audio */ = {
			isa = PBXGroup;
			children = (
				7BCFD2911922D07D0069E59A /* Effects */,
				7BCFD2941922D07D0069E59A /* Music */,
				7BF7374419216E380057AF67 /* inc */,
				7BF7374C19216E620057AF67 /* Sound.cpp */,
				7BF7374D19216E620057AF67 /* Sound.h */,
				7BCFD28E1922C1180069E59A /* Jukebox.cpp */,
				7BCFD28F1922C1180069E59A /* Jukebox.h */,
			);
			path = Audio;
			sourceTree = "<group>";
		};
		7BF7374419216E380057AF67 /* inc */ = {
			isa = PBXGroup;
			children = (
				7BF7374519216E380057AF67 /* fmod.h */,
				7BF7374619216E380057AF67 /* fmod.hpp */,
				7BF7374719216E380057AF67 /* fmod_codec.h */,
				7BF7374819216E380057AF67 /* fmod_dsp.h */,
				7BF7374919216E380057AF67 /* fmod_errors.h */,
				7BF7374A19216E380057AF67 /* fmod_memoryinfo.h */,
				7BF7374B19216E380057AF67 /* fmod_output.h */,
			);
			path = inc;
			sourceTree = "<group>";
		};
/* End PBXGroup section */

/* Begin PBXNativeTarget section */
		7BE3959A1915ACE1005A026B /* MyGame */ = {
			isa = PBXNativeTarget;
			buildConfigurationList = 7BE395A41915ACE2005A026B /* Build configuration list for PBXNativeTarget "MyGame" */;
			buildPhases = (
				7BE395971915ACE1005A026B /* Sources */,
				7BE395981915ACE1005A026B /* Frameworks */,
				7BE395991915ACE1005A026B /* CopyFiles */,
			);
			buildRules = (
			);
			dependencies = (
			);
			name = MyGame;
			productName = MyGame;
			productReference = 7BF7373719212C870057AF67 /* MyGame */;
			productType = "com.apple.product-type.tool";
		};
/* End PBXNativeTarget section */

/* Begin PBXProject section */
		7BE395931915ACE1005A026B /* Project object */ = {
			isa = PBXProject;
			attributes = {
				LastUpgradeCheck = 0510;
				ORGANIZATIONNAME = "Taylor Woods";
			};
			buildConfigurationList = 7BE395961915ACE1005A026B /* Build configuration list for PBXProject "MyGame" */;
			compatibilityVersion = "Xcode 3.2";
			developmentRegion = English;
			hasScannedForEncodings = 0;
			knownRegions = (
				en,
			);
			mainGroup = 7BE395921915ACE1005A026B;
			productRefGroup = 7BE395921915ACE1005A026B;
			projectDirPath = "";
			projectRoot = "";
			targets = (
				7BE3959A1915ACE1005A026B /* MyGame */,
			);
		};
/* End PBXProject section */

/* Begin PBXSourcesBuildPhase section */
		7BE395971915ACE1005A026B /* Sources */ = {
			isa = PBXSourcesBuildPhase;
			buildActionMask = 2147483647;
			files = (
				7BCFD2901922C1180069E59A /* Jukebox.cpp in Sources */,
				7BCD4971191995B200576A2E /* Bjorn.cpp in Sources */,
				7BCD4978191995B200576A2E /* GLSL_helper.cpp in Sources */,
				7BCD4979191995B200576A2E /* World.cpp in Sources */,
				7BCD4972191995B200576A2E /* Hammer.cpp in Sources */,
				7BCD4989191ADB6600576A2E /* GameObject.cpp in Sources */,
				7B35597B191B0DAA005FAD21 /* GameModel.cpp in Sources */,
				7BCD4974191995B200576A2E /* Platform.cpp in Sources */,
				7BD073EA191ED2AC006327F3 /* chunks.cpp in Sources */,
				7BCD4977191995B200576A2E /* CMeshLoaderSimple.cpp in Sources */,
				7BCD4975191995B200576A2E /* main.cpp in Sources */,
				7BCD4973191995B200576A2E /* Mountain.cpp in Sources */,
				7BF7374E19216E620057AF67 /* Sound.cpp in Sources */,
			);
			runOnlyForDeploymentPostprocessing = 0;
		};
/* End PBXSourcesBuildPhase section */

/* Begin XCBuildConfiguration section */
		7BE395A21915ACE2005A026B /* Debug */ = {
			isa = XCBuildConfiguration;
			buildSettings = {
				ALWAYS_SEARCH_USER_PATHS = NO;
				CLANG_CXX_LANGUAGE_STANDARD = "gnu++0x";
				CLANG_CXX_LIBRARY = "libc++";
				CLANG_ENABLE_MODULES = YES;
				CLANG_ENABLE_OBJC_ARC = YES;
				CLANG_WARN_BOOL_CONVERSION = YES;
				CLANG_WARN_CONSTANT_CONVERSION = YES;
				CLANG_WARN_DIRECT_OBJC_ISA_USAGE = YES_ERROR;
				CLANG_WARN_EMPTY_BODY = YES;
				CLANG_WARN_ENUM_CONVERSION = YES;
				CLANG_WARN_INT_CONVERSION = YES;
				CLANG_WARN_OBJC_ROOT_CLASS = YES_ERROR;
				CLANG_WARN__DUPLICATE_METHOD_MATCH = YES;
				COPY_PHASE_STRIP = NO;
				GCC_C_LANGUAGE_STANDARD = gnu99;
				GCC_DYNAMIC_NO_PIC = NO;
				GCC_ENABLE_OBJC_EXCEPTIONS = YES;
				GCC_OPTIMIZATION_LEVEL = 0;
				GCC_PREPROCESSOR_DEFINITIONS = (
					"DEBUG=1",
					"$(inherited)",
				);
				GCC_SYMBOLS_PRIVATE_EXTERN = NO;
				GCC_WARN_64_TO_32_BIT_CONVERSION = YES;
				GCC_WARN_ABOUT_RETURN_TYPE = YES_ERROR;
				GCC_WARN_UNDECLARED_SELECTOR = YES;
				GCC_WARN_UNINITIALIZED_AUTOS = YES_AGGRESSIVE;
				GCC_WARN_UNUSED_FUNCTION = YES;
				GCC_WARN_UNUSED_VARIABLE = YES;
				MACOSX_DEPLOYMENT_TARGET = 10.9;
				ONLY_ACTIVE_ARCH = YES;
				SDKROOT = macosx;
			};
			name = Debug;
		};
		7BE395A31915ACE2005A026B /* Release */ = {
			isa = XCBuildConfiguration;
			buildSettings = {
				ALWAYS_SEARCH_USER_PATHS = NO;
				CLANG_CXX_LANGUAGE_STANDARD = "gnu++0x";
				CLANG_CXX_LIBRARY = "libc++";
				CLANG_ENABLE_MODULES = YES;
				CLANG_ENABLE_OBJC_ARC = YES;
				CLANG_WARN_BOOL_CONVERSION = YES;
				CLANG_WARN_CONSTANT_CONVERSION = YES;
				CLANG_WARN_DIRECT_OBJC_ISA_USAGE = YES_ERROR;
				CLANG_WARN_EMPTY_BODY = YES;
				CLANG_WARN_ENUM_CONVERSION = YES;
				CLANG_WARN_INT_CONVERSION = YES;
				CLANG_WARN_OBJC_ROOT_CLASS = YES_ERROR;
				CLANG_WARN__DUPLICATE_METHOD_MATCH = YES;
				COPY_PHASE_STRIP = YES;
				DEBUG_INFORMATION_FORMAT = "dwarf-with-dsym";
				ENABLE_NS_ASSERTIONS = NO;
				GCC_C_LANGUAGE_STANDARD = gnu99;
				GCC_ENABLE_OBJC_EXCEPTIONS = YES;
				GCC_WARN_64_TO_32_BIT_CONVERSION = YES;
				GCC_WARN_ABOUT_RETURN_TYPE = YES_ERROR;
				GCC_WARN_UNDECLARED_SELECTOR = YES;
				GCC_WARN_UNINITIALIZED_AUTOS = YES_AGGRESSIVE;
				GCC_WARN_UNUSED_FUNCTION = YES;
				GCC_WARN_UNUSED_VARIABLE = YES;
				MACOSX_DEPLOYMENT_TARGET = 10.9;
				SDKROOT = macosx;
			};
			name = Release;
		};
		7BE395A51915ACE2005A026B /* Debug */ = {
			isa = XCBuildConfiguration;
			buildSettings = {
				HEADER_SEARCH_PATHS = (
					"$(inherited)",
					/Applications/Xcode.app/Contents/Developer/Toolchains/XcodeDefault.xctoolchain/usr/include,
					/usr/local/include/GLFW/,
					/usr/include/GL/,
					/opt/local/include/,
				);
				LIBRARY_SEARCH_PATHS = (
					"$(inherited)",
					"$(PROJECT_DIR)",
					/usr/lib,
					/opt/local/lib,
					/usr/local/lib,
				);
				PRODUCT_NAME = "$(TARGET_NAME)";
			};
			name = Debug;
		};
		7BE395A61915ACE2005A026B /* Release */ = {
			isa = XCBuildConfiguration;
			buildSettings = {
				HEADER_SEARCH_PATHS = (
					"$(inherited)",
					/Applications/Xcode.app/Contents/Developer/Toolchains/XcodeDefault.xctoolchain/usr/include,
					/usr/local/include/GLFW/,
					/usr/include/GL/,
					/opt/local/include/,
				);
				LIBRARY_SEARCH_PATHS = (
					"$(inherited)",
					"$(PROJECT_DIR)",
					/usr/lib,
					/opt/local/lib,
					/usr/local/lib,
				);
				PRODUCT_NAME = "$(TARGET_NAME)";
			};
			name = Release;
		};
/* End XCBuildConfiguration section */

/* Begin XCConfigurationList section */
		7BE395961915ACE1005A026B /* Build configuration list for PBXProject "MyGame" */ = {
			isa = XCConfigurationList;
			buildConfigurations = (
				7BE395A21915ACE2005A026B /* Debug */,
				7BE395A31915ACE2005A026B /* Release */,
			);
			defaultConfigurationIsVisible = 0;
			defaultConfigurationName = Release;
		};
		7BE395A41915ACE2005A026B /* Build configuration list for PBXNativeTarget "MyGame" */ = {
			isa = XCConfigurationList;
			buildConfigurations = (
				7BE395A51915ACE2005A026B /* Debug */,
				7BE395A61915ACE2005A026B /* Release */,
			);
			defaultConfigurationIsVisible = 0;
			defaultConfigurationName = Release;
		};
/* End XCConfigurationList section */
	};
	rootObject = 7BE395931915ACE1005A026B /* Project object */;
}
